// !$*UTF8*$!
{
	archiveVersion = 1;
	classes = {
	};
	objectVersion = 77;
	objects = {

/* Begin PBXBuildFile section */
		01DFAD7F8ABF0639DF369C4E /* Fixtures in Resources */ = {isa = PBXBuildFile; fileRef = 219FB2ED514DBE95A9AFAB53 /* Fixtures */; };
		021C81F3EA6698F332E9DD69 /* subset-chars.txt in Resources */ = {isa = PBXBuildFile; fileRef = 311898EF3262DE92643FB442 /* subset-chars.txt */; };
		028B83424DE6D8CE4F416399 /* ShotStore.swift in Sources */ = {isa = PBXBuildFile; fileRef = 0455554135392A7015D4068F /* ShotStore.swift */; };
		02B89DF8BE3E0E3688F10090 /* README.md in Resources */ = {isa = PBXBuildFile; fileRef = 36163F479DA433C2CB8744EE /* README.md */; };
		036A5A204DA00E6E1F8E4DB3 /* DayGradient.swift in Sources */ = {isa = PBXBuildFile; fileRef = EDA4609189EEBA41333EE662 /* DayGradient.swift */; };
		03E527E744AAA9A19AD5695A /* EveningReminderTests.swift in Sources */ = {isa = PBXBuildFile; fileRef = 7B8C50DD4A283C052C97F361 /* EveningReminderTests.swift */; };
		049B7CECEE196C6D70AC4FA8 /* CaptureScreen.swift in Sources */ = {isa = PBXBuildFile; fileRef = EDEFD2DEB60289395B339A44 /* CaptureScreen.swift */; };
		0834B0372CB67CC3C1C487E0 /* CloudSync.swift in Sources */ = {isa = PBXBuildFile; fileRef = 22EDA0910CC8E79B482D32B2 /* CloudSync.swift */; };
		089A04051E2709FEC115E965 /* ColorCaptureIntent.swift in Sources */ = {isa = PBXBuildFile; fileRef = 2C2EBC8CB25323467C3E477B /* ColorCaptureIntent.swift */; };
		0EE85CE222D9DC39B58B27EE /* CompactDayRow.swift in Sources */ = {isa = PBXBuildFile; fileRef = 3C0A05D62DDA8061828B7EB9 /* CompactDayRow.swift */; };
		12C3CD61E7A606425EFD41CA /* PebbleNameTests.swift in Sources */ = {isa = PBXBuildFile; fileRef = B180428138319F72B026C570 /* PebbleNameTests.swift */; };
		13113400A994950BF4DBE791 /* ShotImage.swift in Sources */ = {isa = PBXBuildFile; fileRef = 3D1B75104310693B48F8D9DE /* ShotImage.swift */; };
		14B086E929DB0210F2450CFF /* DayMomentsView.swift in Sources */ = {isa = PBXBuildFile; fileRef = 3E880EA384921F9A97C79A87 /* DayMomentsView.swift */; };
		172DFE11B4A2ABB242240925 /* LibraryImporter.swift in Sources */ = {isa = PBXBuildFile; fileRef = F38C217645C6BE7612CAB2C8 /* LibraryImporter.swift */; };
		17862587A29EF312EF46CBD3 /* HomeNavigationTests.swift in Sources */ = {isa = PBXBuildFile; fileRef = 160019A37882F81114DE5A27 /* HomeNavigationTests.swift */; };
		18E772394B2F6112538961DB /* DayBadge.swift in Sources */ = {isa = PBXBuildFile; fileRef = 393BC4FBFF0618B72B4FC4A6 /* DayBadge.swift */; };
		1996A6A10339037B3A5CCC8F /* DayStoreTests.swift in Sources */ = {isa = PBXBuildFile; fileRef = 9D560E148CF707BADEB351E9 /* DayStoreTests.swift */; };
		1BA230406A06170D47C94E8E /* PebbleName.swift in Sources */ = {isa = PBXBuildFile; fileRef = 343D1F9744F120B40EEDE985 /* PebbleName.swift */; };
		1C168A0124D91CA852713BBF /* AssetReconcilerTests.swift in Sources */ = {isa = PBXBuildFile; fileRef = 08DC1AC8E491F5D81CA2D80E /* AssetReconcilerTests.swift */; };
		1CC5449DA7CB344D2AC45E80 /* Moment.swift in Sources */ = {isa = PBXBuildFile; fileRef = 79FEE28AD42D812B8F599EBC /* Moment.swift */; };
		1D2767C95B157B92C97CF81B /* DayGradient.swift in Sources */ = {isa = PBXBuildFile; fileRef = EDA4609189EEBA41333EE662 /* DayGradient.swift */; };
		1DD1FF00D5EDCFB073D97FBE /* CaptureEngine.swift in Sources */ = {isa = PBXBuildFile; fileRef = DE23645FDB97CD310372A0F9 /* CaptureEngine.swift */; };
		1EA8EE22FEEAA7E8B7FA0118 /* MomentMerge.swift in Sources */ = {isa = PBXBuildFile; fileRef = D63D774C55EFBE110A6BFE3D /* MomentMerge.swift */; };
		1F708EB7D0F030E7D61A9217 /* PhotoAssets.swift in Sources */ = {isa = PBXBuildFile; fileRef = 604BD37E9AF9CB6CA3A8BC06 /* PhotoAssets.swift */; };
		20BA6C3D955339FFEE5D1C78 /* ShotStore.swift in Sources */ = {isa = PBXBuildFile; fileRef = 0455554135392A7015D4068F /* ShotStore.swift */; };
		2106F212ED450D8F5C0130AB /* DayGradient.swift in Sources */ = {isa = PBXBuildFile; fileRef = EDA4609189EEBA41333EE662 /* DayGradient.swift */; };
		222B37199099F7A940817E14 /* ShotImage.swift in Sources */ = {isa = PBXBuildFile; fileRef = 3D1B75104310693B48F8D9DE /* ShotImage.swift */; };
		270CAD891873FBDB57862C11 /* NanumMyeongjo-OFL.txt in Resources */ = {isa = PBXBuildFile; fileRef = F12A3264BC11396ACCF8B1CD /* NanumMyeongjo-OFL.txt */; };
		27984D8E5256CDD497E302CA /* DayBadge.swift in Sources */ = {isa = PBXBuildFile; fileRef = 393BC4FBFF0618B72B4FC4A6 /* DayBadge.swift */; };
		27C5EAD62A7776F63166FB51 /* ShotImageTests.swift in Sources */ = {isa = PBXBuildFile; fileRef = 75C5D16CF875C68C5FD50755 /* ShotImageTests.swift */; };
		28F26F75652070839EAEC48C /* DayClosures.swift in Sources */ = {isa = PBXBuildFile; fileRef = 349DC3F413BF9EC93E6C0C60 /* DayClosures.swift */; };
		294A77897542943DC92B2BE2 /* PebbleSilhouetteTests.swift in Sources */ = {isa = PBXBuildFile; fileRef = E79F2C0C75680FBE51A5A26C /* PebbleSilhouetteTests.swift */; };
		2992E2534861C57FB2499B90 /* PebbleView.swift in Sources */ = {isa = PBXBuildFile; fileRef = BDCE9183C112FFB37E007824 /* PebbleView.swift */; };
		2B4617290F37676DF89566DF /* MomentMerge.swift in Sources */ = {isa = PBXBuildFile; fileRef = D63D774C55EFBE110A6BFE3D /* MomentMerge.swift */; };
		2C727EDB8CA45364E0477CA6 /* ColorCaptureControl.swift in Sources */ = {isa = PBXBuildFile; fileRef = 71305FB203F40AC7A2172D6E /* ColorCaptureControl.swift */; };
		2CA6C72D06C591D64413160C /* WidgetKit.framework in Frameworks */ = {isa = PBXBuildFile; fileRef = 3C0C341B4E32F784A77CC08D /* WidgetKit.framework */; };
		2D2DCAAA1704F58B8D38A822 /* FontSubsetTests.swift in Sources */ = {isa = PBXBuildFile; fileRef = 08FA4218B93874BE76730863 /* FontSubsetTests.swift */; };
		2EB93D8ABBF2916AEEE1F2F1 /* HomeView.swift in Sources */ = {isa = PBXBuildFile; fileRef = 953A1415A221B2ED1198C5E8 /* HomeView.swift */; };
		304C4D029F8CB37B61C85F48 /* NanumMyeongjo-Subset.ttf in Resources */ = {isa = PBXBuildFile; fileRef = 431568FD8D1B61F5509D6867 /* NanumMyeongjo-Subset.ttf */; };
		304E851724E25006163D4850 /* MomentMerge.swift in Sources */ = {isa = PBXBuildFile; fileRef = D63D774C55EFBE110A6BFE3D /* MomentMerge.swift */; };
		307336BE9B12FD503EBF66EC /* PebbleRenderTests.swift in Sources */ = {isa = PBXBuildFile; fileRef = BE9BFF0980144C315646D9E5 /* PebbleRenderTests.swift */; };
		32A6E9632D4BBA9208258DE4 /* FirstRunOverlay.swift in Sources */ = {isa = PBXBuildFile; fileRef = 2407ADFA49967AECDDB4BDC8 /* FirstRunOverlay.swift */; };
		33F453AFE9E4B766D55AC703 /* WordList.swift in Sources */ = {isa = PBXBuildFile; fileRef = ACD34409978D5C9CDE7304E7 /* WordList.swift */; };
		341D43357966166F08E749AD /* ColorExtractor.swift in Sources */ = {isa = PBXBuildFile; fileRef = D3A86BC5B2740C9E64E3D472 /* ColorExtractor.swift */; };
		37BEA1D1B07AEF6FF452A7E3 /* Haptics.swift in Sources */ = {isa = PBXBuildFile; fileRef = 6F7537CCE985C86CC09C1787 /* Haptics.swift */; };
		38CA87D9341976C98CBA90ED /* ColorExtractor.swift in Sources */ = {isa = PBXBuildFile; fileRef = D3A86BC5B2740C9E64E3D472 /* ColorExtractor.swift */; };
		39421DA397F79B0CEBD66E06 /* CaptureInbox.swift in Sources */ = {isa = PBXBuildFile; fileRef = 0ACF53F5E6B06B0DF394CC92 /* CaptureInbox.swift */; };
		3CDC3B977191BC7C08488E35 /* PhotoContext.swift in Sources */ = {isa = PBXBuildFile; fileRef = E3096473F3D4F94BAB749AC5 /* PhotoContext.swift */; };
		3CE1625788607AF614E6B418 /* ViewFinder.swift in Sources */ = {isa = PBXBuildFile; fileRef = 78C8D64FF056CFF1EAA9F88F /* ViewFinder.swift */; };
		3D173B20AB9EE2CE573828CB /* DayGradientTests.swift in Sources */ = {isa = PBXBuildFile; fileRef = 001315A7B5573B9974966AF7 /* DayGradientTests.swift */; };
		463BB08804C6196DA3590041 /* SpikeView.swift in Sources */ = {isa = PBXBuildFile; fileRef = 915F51F76D8105385A924494 /* SpikeView.swift */; };
		46AD1F7A020AA01BF62EEBEC /* GiftSchedule.swift in Sources */ = {isa = PBXBuildFile; fileRef = 2CECA91205032542A8E6CBAD /* GiftSchedule.swift */; };
		46F2AF21817056E13AD7F919 /* AppDelegate.swift in Sources */ = {isa = PBXBuildFile; fileRef = D9C7A51085814AAD190D567A /* AppDelegate.swift */; };
		48DC2D9847C7C2A96BE21B7C /* words.json in Resources */ = {isa = PBXBuildFile; fileRef = A0A48C2B255FB6B7DFA973C5 /* words.json */; };
		49AF51B739C09C90ABF6DF8B /* CaptureExtension.swift in Sources */ = {isa = PBXBuildFile; fileRef = C9CE619222B12DDC48E8D41D /* CaptureExtension.swift */; };
		4A6EE87BD3B7C2217011154B /* Haptics.swift in Sources */ = {isa = PBXBuildFile; fileRef = 6F7537CCE985C86CC09C1787 /* Haptics.swift */; };
		50D5A8ABE50CA0D82006F59A /* Moment.swift in Sources */ = {isa = PBXBuildFile; fileRef = 79FEE28AD42D812B8F599EBC /* Moment.swift */; };
		53FC9FB6BA05FAAB48AF84DC /* DayClosures.swift in Sources */ = {isa = PBXBuildFile; fileRef = 349DC3F413BF9EC93E6C0C60 /* DayClosures.swift */; };
		559AA75241F4C7C05F596871 /* DayBlock.swift in Sources */ = {isa = PBXBuildFile; fileRef = F1ED0B6B00F288E843C5C783 /* DayBlock.swift */; };
		598A255826789B22B6C05C2D /* DayGift.swift in Sources */ = {isa = PBXBuildFile; fileRef = CCE87849E68DBA4048D0AB81 /* DayGift.swift */; };
		59F0C1E84E0A9E36B6A7FF64 /* CaptureScreen.swift in Sources */ = {isa = PBXBuildFile; fileRef = EDEFD2DEB60289395B339A44 /* CaptureScreen.swift */; };
		5C46EE00CA3DADB1F2965E39 /* GiftScheduleTests.swift in Sources */ = {isa = PBXBuildFile; fileRef = FB0AED55BDEEC2F0F1FBDBC9 /* GiftScheduleTests.swift */; };
		5D9A1CD34D9C0E0CEBDF2AF6 /* DayStore.swift in Sources */ = {isa = PBXBuildFile; fileRef = DAEDFD6FE3EFBBB38A7951F3 /* DayStore.swift */; };
		5DC43B42BBA5CE7C8296BDAE /* ColorCaptureIntent.swift in Sources */ = {isa = PBXBuildFile; fileRef = 2C2EBC8CB25323467C3E477B /* ColorCaptureIntent.swift */; };
		6060F1DE8838469C19F3C6BE /* GiftSchedule.swift in Sources */ = {isa = PBXBuildFile; fileRef = 2CECA91205032542A8E6CBAD /* GiftSchedule.swift */; };
		606CEC7B3987E18F4BE01709 /* PhotoLabeler.swift in Sources */ = {isa = PBXBuildFile; fileRef = FFFAD57FEE541A2BCBE917E6 /* PhotoLabeler.swift */; };
		60CFD40171F7C16075470127 /* AssetReconciler.swift in Sources */ = {isa = PBXBuildFile; fileRef = 14DF86BF8B735F363B7A3449 /* AssetReconciler.swift */; };
		60F00B961E27FD6874408F2F /* Moment.swift in Sources */ = {isa = PBXBuildFile; fileRef = 79FEE28AD42D812B8F599EBC /* Moment.swift */; };
		62FD808384BFDB6BDEC7143C /* PebbleName.swift in Sources */ = {isa = PBXBuildFile; fileRef = 343D1F9744F120B40EEDE985 /* PebbleName.swift */; };
		643D744E18A16AC3DF5BB2D0 /* WordPicker.swift in Sources */ = {isa = PBXBuildFile; fileRef = 8E4EE32C11490405892AA591 /* WordPicker.swift */; };
		689F997E07A401BE5FFA343A /* subset-chars.txt in Resources */ = {isa = PBXBuildFile; fileRef = 311898EF3262DE92643FB442 /* subset-chars.txt */; };
		6A09C475C9FE48C8875DC770 /* ShotThumbnail.swift in Sources */ = {isa = PBXBuildFile; fileRef = F941673D190732D3ADB0055C /* ShotThumbnail.swift */; };
		6A0F51CB079F9D7531B64347 /* BadgeCeremony.swift in Sources */ = {isa = PBXBuildFile; fileRef = 927C9BDEEEB97486BF4A4904 /* BadgeCeremony.swift */; };
		7010D21E2960DAB1D241EA53 /* WordPickerTests.swift in Sources */ = {isa = PBXBuildFile; fileRef = 2A23E848C6F8A4BEA7AECAD4 /* WordPickerTests.swift */; };
		72CB8811A9F1756D47042377 /* SheenTests.swift in Sources */ = {isa = PBXBuildFile; fileRef = 69825FD346FEC03526525AE5 /* SheenTests.swift */; };
		7376A941B553C659D52DAE4A /* ShotViewer.swift in Sources */ = {isa = PBXBuildFile; fileRef = F773E16FB7FC68D0B2B69F77 /* ShotViewer.swift */; };
		737D5DA0FB709046FFC34AC1 /* DayClosures.swift in Sources */ = {isa = PBXBuildFile; fileRef = 349DC3F413BF9EC93E6C0C60 /* DayClosures.swift */; };
		7530F92A893A52BB75953371 /* DayPhotoView.swift in Sources */ = {isa = PBXBuildFile; fileRef = E625BC46AAADBEE1D5E1FD7B /* DayPhotoView.swift */; };
		76AADA98FD5F2F767CDE36DA /* CaptureScreen.swift in Sources */ = {isa = PBXBuildFile; fileRef = EDEFD2DEB60289395B339A44 /* CaptureScreen.swift */; };
		7A5576FFA328861B7F1FE6AE /* Assets.xcassets in Resources */ = {isa = PBXBuildFile; fileRef = 770DB2BE29FFF678EF2949F8 /* Assets.xcassets */; };
		7B6207CFDF0718F8241F4FB7 /* DayPhotoView.swift in Sources */ = {isa = PBXBuildFile; fileRef = E625BC46AAADBEE1D5E1FD7B /* DayPhotoView.swift */; };
		7D72341D340848C9972CBF03 /* SyncRecordsTests.swift in Sources */ = {isa = PBXBuildFile; fileRef = 453BDAA4450B4629859FEE14 /* SyncRecordsTests.swift */; };
		7DF8236D94540E4E4AC11388 /* DayTimeline.swift in Sources */ = {isa = PBXBuildFile; fileRef = 926BDBAFE04F7B17464F627E /* DayTimeline.swift */; };
		8015ACB59A07B863B0AD5348 /* DayStore.swift in Sources */ = {isa = PBXBuildFile; fileRef = DAEDFD6FE3EFBBB38A7951F3 /* DayStore.swift */; };
		839143816019CFB52E8335B2 /* Tokens.swift in Sources */ = {isa = PBXBuildFile; fileRef = 5B689D73DBFBD16C7B857686 /* Tokens.swift */; };
		851F47DC9109F3E17C510A45 /* ColorCaptureIntent.swift in Sources */ = {isa = PBXBuildFile; fileRef = 2C2EBC8CB25323467C3E477B /* ColorCaptureIntent.swift */; };
		85404B43045C16239CA26FB5 /* ColorExtractor.swift in Sources */ = {isa = PBXBuildFile; fileRef = D3A86BC5B2740C9E64E3D472 /* ColorExtractor.swift */; };
		866DCC55F52911A6A8BAC243 /* ShotViewer.swift in Sources */ = {isa = PBXBuildFile; fileRef = F773E16FB7FC68D0B2B69F77 /* ShotViewer.swift */; };
		8B1F7FBF239684E48BA39B1A /* HomeNavigation.swift in Sources */ = {isa = PBXBuildFile; fileRef = 1782AA90AE018A879A1B0885 /* HomeNavigation.swift */; };
		8F8B15F8CCD32B424B99892B /* WordListTests.swift in Sources */ = {isa = PBXBuildFile; fileRef = C8272505EF16B075931B8224 /* WordListTests.swift */; };
		90B7A542F814159743E818D2 /* words.json in Resources */ = {isa = PBXBuildFile; fileRef = A0A48C2B255FB6B7DFA973C5 /* words.json */; };
		923895A999E487D30889239A /* LibrarySections.swift in Sources */ = {isa = PBXBuildFile; fileRef = 19897FA92EBD86A58ABB4B61 /* LibrarySections.swift */; };
		9350B45953F4B84683162C30 /* BadgeCeremony.swift in Sources */ = {isa = PBXBuildFile; fileRef = 927C9BDEEEB97486BF4A4904 /* BadgeCeremony.swift */; };
		936F5FD2B12A592FC1339B20 /* Tokens.swift in Sources */ = {isa = PBXBuildFile; fileRef = 5B689D73DBFBD16C7B857686 /* Tokens.swift */; };
		949E6A04EB1AAF5A89ABF42D /* README.md in Resources */ = {isa = PBXBuildFile; fileRef = 36163F479DA433C2CB8744EE /* README.md */; };
		94A5AAD5168196D819A1E2B1 /* PhotoLabelerTests.swift in Sources */ = {isa = PBXBuildFile; fileRef = BB99387BD580BB034A37204A /* PhotoLabelerTests.swift */; };
		97BEEB530BE9186A6F1A872A /* DayTimelineTests.swift in Sources */ = {isa = PBXBuildFile; fileRef = F6F0FA76C7F73C30E1F30962 /* DayTimelineTests.swift */; };
		98852006EFA9EF70BC5E5A9E /* PhotoLabeler.swift in Sources */ = {isa = PBXBuildFile; fileRef = FFFAD57FEE541A2BCBE917E6 /* PhotoLabeler.swift */; };
		9A77BBAEF56777997F97B086 /* WordPicker.swift in Sources */ = {isa = PBXBuildFile; fileRef = 8E4EE32C11490405892AA591 /* WordPicker.swift */; };
		9AB9D80B4EDB7FC049E73713 /* DayMomentsView.swift in Sources */ = {isa = PBXBuildFile; fileRef = 3E880EA384921F9A97C79A87 /* DayMomentsView.swift */; };
		9DA9DB9E6BBA273B5C90A00F /* LibrarySections.swift in Sources */ = {isa = PBXBuildFile; fileRef = 19897FA92EBD86A58ABB4B61 /* LibrarySections.swift */; };
		9EB023C629B1882BE6E7995C /* ShotThumbnail.swift in Sources */ = {isa = PBXBuildFile; fileRef = F941673D190732D3ADB0055C /* ShotThumbnail.swift */; };
		A03E0083AE26CB4CCB4A9434 /* PebbleView.swift in Sources */ = {isa = PBXBuildFile; fileRef = BDCE9183C112FFB37E007824 /* PebbleView.swift */; };
		A041753AF25EE0A48189568C /* NanumMyeongjo-Subset.ttf in Resources */ = {isa = PBXBuildFile; fileRef = 431568FD8D1B61F5509D6867 /* NanumMyeongjo-Subset.ttf */; };
		A0B8A4B8063C810E326C4D8C /* PhotoLabeler.swift in Sources */ = {isa = PBXBuildFile; fileRef = FFFAD57FEE541A2BCBE917E6 /* PhotoLabeler.swift */; };
		A2BC0036C17B7BB59748D48B /* DayBlock.swift in Sources */ = {isa = PBXBuildFile; fileRef = F1ED0B6B00F288E843C5C783 /* DayBlock.swift */; };
		A340EE2C4B3C4B575BB7B632 /* ShotStore.swift in Sources */ = {isa = PBXBuildFile; fileRef = 0455554135392A7015D4068F /* ShotStore.swift */; };
		A34E2A2A8AF2BCCDCCE21452 /* MomentMergeTests.swift in Sources */ = {isa = PBXBuildFile; fileRef = 6CB97C7E8769569A500FCFF1 /* MomentMergeTests.swift */; };
		A402E4FF34F4790F0EC2F752 /* DayMomentsView.swift in Sources */ = {isa = PBXBuildFile; fileRef = 3E880EA384921F9A97C79A87 /* DayMomentsView.swift */; };
		A40D134691DFE93E46471A40 /* Tokens.swift in Sources */ = {isa = PBXBuildFile; fileRef = 5B689D73DBFBD16C7B857686 /* Tokens.swift */; };
		A6B7C20174D02F20249A5B7F /* ColorExtractorTests.swift in Sources */ = {isa = PBXBuildFile; fileRef = B3676D77CA8F72C6175CC066 /* ColorExtractorTests.swift */; };
		A72BCF9D6E87301BA1102FF9 /* PhotoContext.swift in Sources */ = {isa = PBXBuildFile; fileRef = E3096473F3D4F94BAB749AC5 /* PhotoContext.swift */; };
		A8B410E526DB99857E8666B2 /* NanumMyeongjo-Subset.ttf in Resources */ = {isa = PBXBuildFile; fileRef = 431568FD8D1B61F5509D6867 /* NanumMyeongjo-Subset.ttf */; };
		A8FD510AB6600E0ABEC48A32 /* DayStore.swift in Sources */ = {isa = PBXBuildFile; fileRef = DAEDFD6FE3EFBBB38A7951F3 /* DayStore.swift */; };
		AE0857AF5EDACD9DBF05DC32 /* GiftSchedule.swift in Sources */ = {isa = PBXBuildFile; fileRef = 2CECA91205032542A8E6CBAD /* GiftSchedule.swift */; };
		AF90F7725A1C26E4F701BC72 /* HomeShell.swift in Sources */ = {isa = PBXBuildFile; fileRef = F0539FB03BB33151F171D2BD /* HomeShell.swift */; };
		AF9767DB806D949E70335A96 /* HorizontalPan.swift in Sources */ = {isa = PBXBuildFile; fileRef = 70AD555AD811A9F3BF2ADD98 /* HorizontalPan.swift */; };
		B3358B78B3BA94067A3E02B1 /* WordList.swift in Sources */ = {isa = PBXBuildFile; fileRef = ACD34409978D5C9CDE7304E7 /* WordList.swift */; };
		B75D6C90A80171E5FF633B14 /* HorizontalPan.swift in Sources */ = {isa = PBXBuildFile; fileRef = 70AD555AD811A9F3BF2ADD98 /* HorizontalPan.swift */; };
		B7C3D5AD27CA0A7B12C6EC07 /* ColorMomentsControl.appex in Embed Foundation Extensions */ = {isa = PBXBuildFile; fileRef = 820CBC257650B8198BCC2B5E /* ColorMomentsControl.appex */; settings = {ATTRIBUTES = (RemoveHeadersOnCopy, ); }; };
		B8632BE5E9E77D6DC909F70B /* WordPicker.swift in Sources */ = {isa = PBXBuildFile; fileRef = 8E4EE32C11490405892AA591 /* WordPicker.swift */; };
		BC08FAC35928BE504FD2119B /* WordList.swift in Sources */ = {isa = PBXBuildFile; fileRef = ACD34409978D5C9CDE7304E7 /* WordList.swift */; };
		BE6A32DF3751591BADBDD413 /* HomeNavigation.swift in Sources */ = {isa = PBXBuildFile; fileRef = 1782AA90AE018A879A1B0885 /* HomeNavigation.swift */; };
		BF658B6D51CC90015F869677 /* ColorMomentsCapture.appex in Embed ExtensionKit Extensions */ = {isa = PBXBuildFile; fileRef = 7EB1163362CD567B08943EB6 /* ColorMomentsCapture.appex */; settings = {ATTRIBUTES = (RemoveHeadersOnCopy, ); }; };
		C0BD8C781712AF5378F41F12 /* PhotoContextTests.swift in Sources */ = {isa = PBXBuildFile; fileRef = BDB546AAD2C0C80DB7EF1B50 /* PhotoContextTests.swift */; };
		C4EEE994B512FF5B448A580C /* DayPhotoView.swift in Sources */ = {isa = PBXBuildFile; fileRef = E625BC46AAADBEE1D5E1FD7B /* DayPhotoView.swift */; };
		C5345168432CE41677778207 /* CaptureEngine.swift in Sources */ = {isa = PBXBuildFile; fileRef = DE23645FDB97CD310372A0F9 /* CaptureEngine.swift */; };
		C6042960F0442084AB0338E3 /* DayClosuresTests.swift in Sources */ = {isa = PBXBuildFile; fileRef = 05C70E667A14B10F8000505A /* DayClosuresTests.swift */; };
		C6135A6F1A86908A2F109AE0 /* NanumMyeongjo-OFL.txt in Resources */ = {isa = PBXBuildFile; fileRef = F12A3264BC11396ACCF8B1CD /* NanumMyeongjo-OFL.txt */; };
		C6592BFBDEAAB5F814989180 /* HorizontalPan.swift in Sources */ = {isa = PBXBuildFile; fileRef = 70AD555AD811A9F3BF2ADD98 /* HorizontalPan.swift */; };
		C6B84EDC7E5B3C86DD325A3C /* DayTimeline.swift in Sources */ = {isa = PBXBuildFile; fileRef = 926BDBAFE04F7B17464F627E /* DayTimeline.swift */; };
		C6F53A70ADED30A0C697C6C7 /* DayBadge.swift in Sources */ = {isa = PBXBuildFile; fileRef = 393BC4FBFF0618B72B4FC4A6 /* DayBadge.swift */; };
		CDD6D930AE9E6FC142AB4E09 /* ShotViewer.swift in Sources */ = {isa = PBXBuildFile; fileRef = F773E16FB7FC68D0B2B69F77 /* ShotViewer.swift */; };
		CF0F9BAAA1D2412A2B0E61E3 /* subset-chars.txt in Resources */ = {isa = PBXBuildFile; fileRef = 311898EF3262DE92643FB442 /* subset-chars.txt */; };
		CF11D8850579771F69487B97 /* ShotImage.swift in Sources */ = {isa = PBXBuildFile; fileRef = 3D1B75104310693B48F8D9DE /* ShotImage.swift */; };
		CF1B9077022792BE565162B8 /* ShotThumbnail.swift in Sources */ = {isa = PBXBuildFile; fileRef = F941673D190732D3ADB0055C /* ShotThumbnail.swift */; };
		CFA9FFD411FCDDDFF49BA042 /* Haptics.swift in Sources */ = {isa = PBXBuildFile; fileRef = 6F7537CCE985C86CC09C1787 /* Haptics.swift */; };
		D0232AF91965F3F9595ABB68 /* HomeNavigation.swift in Sources */ = {isa = PBXBuildFile; fileRef = 1782AA90AE018A879A1B0885 /* HomeNavigation.swift */; };
		D190D8056C09A2C8FEBB3777 /* EveningReminder.swift in Sources */ = {isa = PBXBuildFile; fileRef = 01418AFDF0E8ABE2DB4157F6 /* EveningReminder.swift */; };
		D3F9C0F6433997EF580B87CC /* SwiftUI.framework in Frameworks */ = {isa = PBXBuildFile; fileRef = 8747F82BBC5889D32A11161B /* SwiftUI.framework */; };
		D60A60136470C9341FDD0A4A /* LibraryPickerView.swift in Sources */ = {isa = PBXBuildFile; fileRef = 9DA8FD60C992A92A01AA5BFF /* LibraryPickerView.swift */; };
		DAFB88696C843D27DC99AA51 /* CaptureEngine.swift in Sources */ = {isa = PBXBuildFile; fileRef = DE23645FDB97CD310372A0F9 /* CaptureEngine.swift */; };
		DBB09AAD1137F1515A685A4D /* DayTimeline.swift in Sources */ = {isa = PBXBuildFile; fileRef = 926BDBAFE04F7B17464F627E /* DayTimeline.swift */; };
		DE9A46A0F358B2CDCB9B89F9 /* CloudIDMapper.swift in Sources */ = {isa = PBXBuildFile; fileRef = FD91667DFE3E8160A212B1DA /* CloudIDMapper.swift */; };
		E0A11DC00DADAE32564950AC /* LibrarySectionsTests.swift in Sources */ = {isa = PBXBuildFile; fileRef = 0D1CD8F86BB78B6B6EB90C04 /* LibrarySectionsTests.swift */; };
		E6B7D3BF033CC827B367D4F7 /* DayBlock.swift in Sources */ = {isa = PBXBuildFile; fileRef = F1ED0B6B00F288E843C5C783 /* DayBlock.swift */; };
		E77F60F349090C621E218AEE /* NanumMyeongjo-OFL.txt in Resources */ = {isa = PBXBuildFile; fileRef = F12A3264BC11396ACCF8B1CD /* NanumMyeongjo-OFL.txt */; };
		E7F3453CCDED443C24380E0B /* words.json in Resources */ = {isa = PBXBuildFile; fileRef = A0A48C2B255FB6B7DFA973C5 /* words.json */; };
		E9FF039B8236CAA8424CC6D6 /* DayGift.swift in Sources */ = {isa = PBXBuildFile; fileRef = CCE87849E68DBA4048D0AB81 /* DayGift.swift */; };
		ED42EFBB9D0310947F139082 /* CompactDayRow.swift in Sources */ = {isa = PBXBuildFile; fileRef = 3C0A05D62DDA8061828B7EB9 /* CompactDayRow.swift */; };
		EE50DA6E4E1C4D147112985F /* PhotoContext.swift in Sources */ = {isa = PBXBuildFile; fileRef = E3096473F3D4F94BAB749AC5 /* PhotoContext.swift */; };
		F0DD38512B10A0EC9EF97BD6 /* AVKit.framework in Frameworks */ = {isa = PBXBuildFile; fileRef = E016D510A0FA71B454E57DF6 /* AVKit.framework */; };
		F1CEB3009284EB172D1766E8 /* PebbleView.swift in Sources */ = {isa = PBXBuildFile; fileRef = BDCE9183C112FFB37E007824 /* PebbleView.swift */; };
		F2C689ACD107EA2CD0F669E4 /* README.md in Resources */ = {isa = PBXBuildFile; fileRef = 36163F479DA433C2CB8744EE /* README.md */; };
		F4F24DB7F05FD86971A0E962 /* CompactDayRow.swift in Sources */ = {isa = PBXBuildFile; fileRef = 3C0A05D62DDA8061828B7EB9 /* CompactDayRow.swift */; };
		F674BFD62113E54D6C123D7B /* LibrarySections.swift in Sources */ = {isa = PBXBuildFile; fileRef = 19897FA92EBD86A58ABB4B61 /* LibrarySections.swift */; };
		F6DD087B65194FE79A968CDE /* PebbleName.swift in Sources */ = {isa = PBXBuildFile; fileRef = 343D1F9744F120B40EEDE985 /* PebbleName.swift */; };
		FA88E2179DF699A37AE7FDA4 /* DayGift.swift in Sources */ = {isa = PBXBuildFile; fileRef = CCE87849E68DBA4048D0AB81 /* DayGift.swift */; };
		FC86F8437A8019E414B3F717 /* ColorMomentsApp.swift in Sources */ = {isa = PBXBuildFile; fileRef = 41AA3BF8CB64DB2AABCEECE3 /* ColorMomentsApp.swift */; };
		FCEE317A7C230C41A6485A20 /* SyncRecords.swift in Sources */ = {isa = PBXBuildFile; fileRef = 20A09F696F5607382E065E46 /* SyncRecords.swift */; };
		FD5B3C99974A94C925D4C1F0 /* BadgeCeremony.swift in Sources */ = {isa = PBXBuildFile; fileRef = 927C9BDEEEB97486BF4A4904 /* BadgeCeremony.swift */; };
/* End PBXBuildFile section */

/* Begin PBXContainerItemProxy section */
		2097C0062FF14F144B4ADDBD /* PBXContainerItemProxy */ = {
			isa = PBXContainerItemProxy;
			containerPortal = E0F153A180DAA09D96CBD96F /* Project object */;
			proxyType = 1;
			remoteGlobalIDString = 32F039BD5D375D5DF5972A97;
			remoteInfo = ColorMoments;
		};
		5821B42D52B0664901F14EDB /* PBXContainerItemProxy */ = {
			isa = PBXContainerItemProxy;
			containerPortal = E0F153A180DAA09D96CBD96F /* Project object */;
			proxyType = 1;
			remoteGlobalIDString = 4AB73052EB9FD5211224F8C5;
			remoteInfo = ColorMomentsControl;
		};
		DAD2A1D70D24DC2D7C6F5008 /* PBXContainerItemProxy */ = {
			isa = PBXContainerItemProxy;
			containerPortal = E0F153A180DAA09D96CBD96F /* Project object */;
			proxyType = 1;
			remoteGlobalIDString = 7CB1B0110049136A2B9BB3E4;
			remoteInfo = ColorMomentsCapture;
		};
/* End PBXContainerItemProxy section */

/* Begin PBXCopyFilesBuildPhase section */
		845F48AB1463C47B285FFF96 /* Embed Foundation Extensions */ = {
			isa = PBXCopyFilesBuildPhase;
			buildActionMask = 2147483647;
			dstPath = "";
			dstSubfolderSpec = 13;
			files = (
				B7C3D5AD27CA0A7B12C6EC07 /* ColorMomentsControl.appex in Embed Foundation Extensions */,
			);
			name = "Embed Foundation Extensions";
			runOnlyForDeploymentPostprocessing = 0;
		};
		F2555A21AD1C01A55F0B2A30 /* Embed ExtensionKit Extensions */ = {
			isa = PBXCopyFilesBuildPhase;
			buildActionMask = 2147483647;
			dstPath = "$(EXTENSIONS_FOLDER_PATH)";
			dstSubfolderSpec = 16;
			files = (
				BF658B6D51CC90015F869677 /* ColorMomentsCapture.appex in Embed ExtensionKit Extensions */,
			);
			name = "Embed ExtensionKit Extensions";
			runOnlyForDeploymentPostprocessing = 0;
		};
/* End PBXCopyFilesBuildPhase section */

/* Begin PBXFileReference section */
		001315A7B5573B9974966AF7 /* DayGradientTests.swift */ = {isa = PBXFileReference; lastKnownFileType = sourcecode.swift; path = DayGradientTests.swift; sourceTree = "<group>"; };
		01418AFDF0E8ABE2DB4157F6 /* EveningReminder.swift */ = {isa = PBXFileReference; lastKnownFileType = sourcecode.swift; path = EveningReminder.swift; sourceTree = "<group>"; };
		0455554135392A7015D4068F /* ShotStore.swift */ = {isa = PBXFileReference; lastKnownFileType = sourcecode.swift; path = ShotStore.swift; sourceTree = "<group>"; };
		05C70E667A14B10F8000505A /* DayClosuresTests.swift */ = {isa = PBXFileReference; lastKnownFileType = sourcecode.swift; path = DayClosuresTests.swift; sourceTree = "<group>"; };
		08DC1AC8E491F5D81CA2D80E /* AssetReconcilerTests.swift */ = {isa = PBXFileReference; lastKnownFileType = sourcecode.swift; path = AssetReconcilerTests.swift; sourceTree = "<group>"; };
		08FA4218B93874BE76730863 /* FontSubsetTests.swift */ = {isa = PBXFileReference; lastKnownFileType = sourcecode.swift; path = FontSubsetTests.swift; sourceTree = "<group>"; };
		09731441F10EF7907FAC934A /* Info.plist */ = {isa = PBXFileReference; lastKnownFileType = text.plist; path = Info.plist; sourceTree = "<group>"; };
		0ACF53F5E6B06B0DF394CC92 /* CaptureInbox.swift */ = {isa = PBXFileReference; lastKnownFileType = sourcecode.swift; path = CaptureInbox.swift; sourceTree = "<group>"; };
		0D1CD8F86BB78B6B6EB90C04 /* LibrarySectionsTests.swift */ = {isa = PBXFileReference; lastKnownFileType = sourcecode.swift; path = LibrarySectionsTests.swift; sourceTree = "<group>"; };
		14DF86BF8B735F363B7A3449 /* AssetReconciler.swift */ = {isa = PBXFileReference; lastKnownFileType = sourcecode.swift; path = AssetReconciler.swift; sourceTree = "<group>"; };
		160019A37882F81114DE5A27 /* HomeNavigationTests.swift */ = {isa = PBXFileReference; lastKnownFileType = sourcecode.swift; path = HomeNavigationTests.swift; sourceTree = "<group>"; };
		1782AA90AE018A879A1B0885 /* HomeNavigation.swift */ = {isa = PBXFileReference; lastKnownFileType = sourcecode.swift; path = HomeNavigation.swift; sourceTree = "<group>"; };
		19897FA92EBD86A58ABB4B61 /* LibrarySections.swift */ = {isa = PBXFileReference; lastKnownFileType = sourcecode.swift; path = LibrarySections.swift; sourceTree = "<group>"; };
		20A09F696F5607382E065E46 /* SyncRecords.swift */ = {isa = PBXFileReference; lastKnownFileType = sourcecode.swift; path = SyncRecords.swift; sourceTree = "<group>"; };
		219FB2ED514DBE95A9AFAB53 /* Fixtures */ = {isa = PBXFileReference; lastKnownFileType = folder; name = Fixtures; path = ColorMomentsTests/Fixtures; sourceTree = SOURCE_ROOT; };
		22EDA0910CC8E79B482D32B2 /* CloudSync.swift */ = {isa = PBXFileReference; lastKnownFileType = sourcecode.swift; path = CloudSync.swift; sourceTree = "<group>"; };
		2407ADFA49967AECDDB4BDC8 /* FirstRunOverlay.swift */ = {isa = PBXFileReference; lastKnownFileType = sourcecode.swift; path = FirstRunOverlay.swift; sourceTree = "<group>"; };
		2A23E848C6F8A4BEA7AECAD4 /* WordPickerTests.swift */ = {isa = PBXFileReference; lastKnownFileType = sourcecode.swift; path = WordPickerTests.swift; sourceTree = "<group>"; };
		2C2EBC8CB25323467C3E477B /* ColorCaptureIntent.swift */ = {isa = PBXFileReference; lastKnownFileType = sourcecode.swift; path = ColorCaptureIntent.swift; sourceTree = "<group>"; };
		2CECA91205032542A8E6CBAD /* GiftSchedule.swift */ = {isa = PBXFileReference; lastKnownFileType = sourcecode.swift; path = GiftSchedule.swift; sourceTree = "<group>"; };
		311898EF3262DE92643FB442 /* subset-chars.txt */ = {isa = PBXFileReference; lastKnownFileType = text; path = "subset-chars.txt"; sourceTree = "<group>"; };
		343D1F9744F120B40EEDE985 /* PebbleName.swift */ = {isa = PBXFileReference; lastKnownFileType = sourcecode.swift; path = PebbleName.swift; sourceTree = "<group>"; };
		349DC3F413BF9EC93E6C0C60 /* DayClosures.swift */ = {isa = PBXFileReference; lastKnownFileType = sourcecode.swift; path = DayClosures.swift; sourceTree = "<group>"; };
		36163F479DA433C2CB8744EE /* README.md */ = {isa = PBXFileReference; lastKnownFileType = net.daringfireball.markdown; path = README.md; sourceTree = "<group>"; };
		393BC4FBFF0618B72B4FC4A6 /* DayBadge.swift */ = {isa = PBXFileReference; lastKnownFileType = sourcecode.swift; path = DayBadge.swift; sourceTree = "<group>"; };
		3C0A05D62DDA8061828B7EB9 /* CompactDayRow.swift */ = {isa = PBXFileReference; lastKnownFileType = sourcecode.swift; path = CompactDayRow.swift; sourceTree = "<group>"; };
		3C0C341B4E32F784A77CC08D /* WidgetKit.framework */ = {isa = PBXFileReference; lastKnownFileType = wrapper.framework; name = WidgetKit.framework; path = System/Library/Frameworks/WidgetKit.framework; sourceTree = SDKROOT; };
		3D1B75104310693B48F8D9DE /* ShotImage.swift */ = {isa = PBXFileReference; lastKnownFileType = sourcecode.swift; path = ShotImage.swift; sourceTree = "<group>"; };
		3E880EA384921F9A97C79A87 /* DayMomentsView.swift */ = {isa = PBXFileReference; lastKnownFileType = sourcecode.swift; path = DayMomentsView.swift; sourceTree = "<group>"; };
		41AA3BF8CB64DB2AABCEECE3 /* ColorMomentsApp.swift */ = {isa = PBXFileReference; lastKnownFileType = sourcecode.swift; path = ColorMomentsApp.swift; sourceTree = "<group>"; };
		431568FD8D1B61F5509D6867 /* NanumMyeongjo-Subset.ttf */ = {isa = PBXFileReference; lastKnownFileType = file; path = "NanumMyeongjo-Subset.ttf"; sourceTree = "<group>"; };
		453BDAA4450B4629859FEE14 /* SyncRecordsTests.swift */ = {isa = PBXFileReference; lastKnownFileType = sourcecode.swift; path = SyncRecordsTests.swift; sourceTree = "<group>"; };
		5AADBCB38DB09CEFBA41590A /* ColorMoments.app */ = {isa = PBXFileReference; includeInIndex = 0; lastKnownFileType = wrapper.application; path = ColorMoments.app; sourceTree = BUILT_PRODUCTS_DIR; };
		5B689D73DBFBD16C7B857686 /* Tokens.swift */ = {isa = PBXFileReference; lastKnownFileType = sourcecode.swift; path = Tokens.swift; sourceTree = "<group>"; };
		604BD37E9AF9CB6CA3A8BC06 /* PhotoAssets.swift */ = {isa = PBXFileReference; lastKnownFileType = sourcecode.swift; path = PhotoAssets.swift; sourceTree = "<group>"; };
		68CF7D8E8818E871DBABBDBF /* ColorMomentsTests.xctest */ = {isa = PBXFileReference; includeInIndex = 0; lastKnownFileType = wrapper.cfbundle; path = ColorMomentsTests.xctest; sourceTree = BUILT_PRODUCTS_DIR; };
		69825FD346FEC03526525AE5 /* SheenTests.swift */ = {isa = PBXFileReference; lastKnownFileType = sourcecode.swift; path = SheenTests.swift; sourceTree = "<group>"; };
		6CB97C7E8769569A500FCFF1 /* MomentMergeTests.swift */ = {isa = PBXFileReference; lastKnownFileType = sourcecode.swift; path = MomentMergeTests.swift; sourceTree = "<group>"; };
		6F7537CCE985C86CC09C1787 /* Haptics.swift */ = {isa = PBXFileReference; lastKnownFileType = sourcecode.swift; path = Haptics.swift; sourceTree = "<group>"; };
		70AD555AD811A9F3BF2ADD98 /* HorizontalPan.swift */ = {isa = PBXFileReference; lastKnownFileType = sourcecode.swift; path = HorizontalPan.swift; sourceTree = "<group>"; };
		71305FB203F40AC7A2172D6E /* ColorCaptureControl.swift */ = {isa = PBXFileReference; lastKnownFileType = sourcecode.swift; path = ColorCaptureControl.swift; sourceTree = "<group>"; };
		75C5D16CF875C68C5FD50755 /* ShotImageTests.swift */ = {isa = PBXFileReference; lastKnownFileType = sourcecode.swift; path = ShotImageTests.swift; sourceTree = "<group>"; };
		770DB2BE29FFF678EF2949F8 /* Assets.xcassets */ = {isa = PBXFileReference; lastKnownFileType = folder.assetcatalog; path = Assets.xcassets; sourceTree = "<group>"; };
		78C8D64FF056CFF1EAA9F88F /* ViewFinder.swift */ = {isa = PBXFileReference; lastKnownFileType = sourcecode.swift; path = ViewFinder.swift; sourceTree = "<group>"; };
		79FEE28AD42D812B8F599EBC /* Moment.swift */ = {isa = PBXFileReference; lastKnownFileType = sourcecode.swift; path = Moment.swift; sourceTree = "<group>"; };
		7B8C50DD4A283C052C97F361 /* EveningReminderTests.swift */ = {isa = PBXFileReference; lastKnownFileType = sourcecode.swift; path = EveningReminderTests.swift; sourceTree = "<group>"; };
		7EB1163362CD567B08943EB6 /* ColorMomentsCapture.appex */ = {isa = PBXFileReference; explicitFileType = "wrapper.extensionkit-extension"; includeInIndex = 0; path = ColorMomentsCapture.appex; sourceTree = BUILT_PRODUCTS_DIR; };
		820CBC257650B8198BCC2B5E /* ColorMomentsControl.appex */ = {isa = PBXFileReference; includeInIndex = 0; lastKnownFileType = "wrapper.app-extension"; path = ColorMomentsControl.appex; sourceTree = BUILT_PRODUCTS_DIR; };
		8747F82BBC5889D32A11161B /* SwiftUI.framework */ = {isa = PBXFileReference; lastKnownFileType = wrapper.framework; name = SwiftUI.framework; path = System/Library/Frameworks/SwiftUI.framework; sourceTree = SDKROOT; };
		8E4EE32C11490405892AA591 /* WordPicker.swift */ = {isa = PBXFileReference; lastKnownFileType = sourcecode.swift; path = WordPicker.swift; sourceTree = "<group>"; };
		915F51F76D8105385A924494 /* SpikeView.swift */ = {isa = PBXFileReference; lastKnownFileType = sourcecode.swift; path = SpikeView.swift; sourceTree = "<group>"; };
		926BDBAFE04F7B17464F627E /* DayTimeline.swift */ = {isa = PBXFileReference; lastKnownFileType = sourcecode.swift; path = DayTimeline.swift; sourceTree = "<group>"; };
		927C9BDEEEB97486BF4A4904 /* BadgeCeremony.swift */ = {isa = PBXFileReference; lastKnownFileType = sourcecode.swift; path = BadgeCeremony.swift; sourceTree = "<group>"; };
		953A1415A221B2ED1198C5E8 /* HomeView.swift */ = {isa = PBXFileReference; lastKnownFileType = sourcecode.swift; path = HomeView.swift; sourceTree = "<group>"; };
		9D560E148CF707BADEB351E9 /* DayStoreTests.swift */ = {isa = PBXFileReference; lastKnownFileType = sourcecode.swift; path = DayStoreTests.swift; sourceTree = "<group>"; };
		9DA8FD60C992A92A01AA5BFF /* LibraryPickerView.swift */ = {isa = PBXFileReference; lastKnownFileType = sourcecode.swift; path = LibraryPickerView.swift; sourceTree = "<group>"; };
		A0A48C2B255FB6B7DFA973C5 /* words.json */ = {isa = PBXFileReference; lastKnownFileType = text.json; path = words.json; sourceTree = "<group>"; };
		ACD34409978D5C9CDE7304E7 /* WordList.swift */ = {isa = PBXFileReference; lastKnownFileType = sourcecode.swift; path = WordList.swift; sourceTree = "<group>"; };
		B180428138319F72B026C570 /* PebbleNameTests.swift */ = {isa = PBXFileReference; lastKnownFileType = sourcecode.swift; path = PebbleNameTests.swift; sourceTree = "<group>"; };
		B3676D77CA8F72C6175CC066 /* ColorExtractorTests.swift */ = {isa = PBXFileReference; lastKnownFileType = sourcecode.swift; path = ColorExtractorTests.swift; sourceTree = "<group>"; };
		BB99387BD580BB034A37204A /* PhotoLabelerTests.swift */ = {isa = PBXFileReference; lastKnownFileType = sourcecode.swift; path = PhotoLabelerTests.swift; sourceTree = "<group>"; };
		BDB546AAD2C0C80DB7EF1B50 /* PhotoContextTests.swift */ = {isa = PBXFileReference; lastKnownFileType = sourcecode.swift; path = PhotoContextTests.swift; sourceTree = "<group>"; };
		BDCE9183C112FFB37E007824 /* PebbleView.swift */ = {isa = PBXFileReference; lastKnownFileType = sourcecode.swift; path = PebbleView.swift; sourceTree = "<group>"; };
		BE9BFF0980144C315646D9E5 /* PebbleRenderTests.swift */ = {isa = PBXFileReference; lastKnownFileType = sourcecode.swift; path = PebbleRenderTests.swift; sourceTree = "<group>"; };
		C8272505EF16B075931B8224 /* WordListTests.swift */ = {isa = PBXFileReference; lastKnownFileType = sourcecode.swift; path = WordListTests.swift; sourceTree = "<group>"; };
		C9CE619222B12DDC48E8D41D /* CaptureExtension.swift */ = {isa = PBXFileReference; lastKnownFileType = sourcecode.swift; path = CaptureExtension.swift; sourceTree = "<group>"; };
		CCB28EF5745DCE3F3B008662 /* Info.plist */ = {isa = PBXFileReference; lastKnownFileType = text.plist; path = Info.plist; sourceTree = "<group>"; };
		CCE87849E68DBA4048D0AB81 /* DayGift.swift */ = {isa = PBXFileReference; lastKnownFileType = sourcecode.swift; path = DayGift.swift; sourceTree = "<group>"; };
		D3A86BC5B2740C9E64E3D472 /* ColorExtractor.swift */ = {isa = PBXFileReference; lastKnownFileType = sourcecode.swift; path = ColorExtractor.swift; sourceTree = "<group>"; };
		D63D774C55EFBE110A6BFE3D /* MomentMerge.swift */ = {isa = PBXFileReference; lastKnownFileType = sourcecode.swift; path = MomentMerge.swift; sourceTree = "<group>"; };
		D7284FE09B31C6D29E4790FB /* Info.plist */ = {isa = PBXFileReference; lastKnownFileType = text.plist; path = Info.plist; sourceTree = "<group>"; };
		D9C7A51085814AAD190D567A /* AppDelegate.swift */ = {isa = PBXFileReference; lastKnownFileType = sourcecode.swift; path = AppDelegate.swift; sourceTree = "<group>"; };
		DAEDFD6FE3EFBBB38A7951F3 /* DayStore.swift */ = {isa = PBXFileReference; lastKnownFileType = sourcecode.swift; path = DayStore.swift; sourceTree = "<group>"; };
		DE23645FDB97CD310372A0F9 /* CaptureEngine.swift */ = {isa = PBXFileReference; lastKnownFileType = sourcecode.swift; path = CaptureEngine.swift; sourceTree = "<group>"; };
		E016D510A0FA71B454E57DF6 /* AVKit.framework */ = {isa = PBXFileReference; lastKnownFileType = wrapper.framework; name = AVKit.framework; path = System/Library/Frameworks/AVKit.framework; sourceTree = SDKROOT; };
		E3096473F3D4F94BAB749AC5 /* PhotoContext.swift */ = {isa = PBXFileReference; lastKnownFileType = sourcecode.swift; path = PhotoContext.swift; sourceTree = "<group>"; };
		E625BC46AAADBEE1D5E1FD7B /* DayPhotoView.swift */ = {isa = PBXFileReference; lastKnownFileType = sourcecode.swift; path = DayPhotoView.swift; sourceTree = "<group>"; };
		E79F2C0C75680FBE51A5A26C /* PebbleSilhouetteTests.swift */ = {isa = PBXFileReference; lastKnownFileType = sourcecode.swift; path = PebbleSilhouetteTests.swift; sourceTree = "<group>"; };
		EDA4609189EEBA41333EE662 /* DayGradient.swift */ = {isa = PBXFileReference; lastKnownFileType = sourcecode.swift; path = DayGradient.swift; sourceTree = "<group>"; };
		EDEFD2DEB60289395B339A44 /* CaptureScreen.swift */ = {isa = PBXFileReference; lastKnownFileType = sourcecode.swift; path = CaptureScreen.swift; sourceTree = "<group>"; };
		F0539FB03BB33151F171D2BD /* HomeShell.swift */ = {isa = PBXFileReference; lastKnownFileType = sourcecode.swift; path = HomeShell.swift; sourceTree = "<group>"; };
		F12A3264BC11396ACCF8B1CD /* NanumMyeongjo-OFL.txt */ = {isa = PBXFileReference; lastKnownFileType = text; path = "NanumMyeongjo-OFL.txt"; sourceTree = "<group>"; };
		F1ED0B6B00F288E843C5C783 /* DayBlock.swift */ = {isa = PBXFileReference; lastKnownFileType = sourcecode.swift; path = DayBlock.swift; sourceTree = "<group>"; };
		F337F7BF47BF333FFBDFAA35 /* ColorMoments.entitlements */ = {isa = PBXFileReference; lastKnownFileType = text.plist.entitlements; path = ColorMoments.entitlements; sourceTree = "<group>"; };
		F38C217645C6BE7612CAB2C8 /* LibraryImporter.swift */ = {isa = PBXFileReference; lastKnownFileType = sourcecode.swift; path = LibraryImporter.swift; sourceTree = "<group>"; };
		F6F0FA76C7F73C30E1F30962 /* DayTimelineTests.swift */ = {isa = PBXFileReference; lastKnownFileType = sourcecode.swift; path = DayTimelineTests.swift; sourceTree = "<group>"; };
		F773E16FB7FC68D0B2B69F77 /* ShotViewer.swift */ = {isa = PBXFileReference; lastKnownFileType = sourcecode.swift; path = ShotViewer.swift; sourceTree = "<group>"; };
		F941673D190732D3ADB0055C /* ShotThumbnail.swift */ = {isa = PBXFileReference; lastKnownFileType = sourcecode.swift; path = ShotThumbnail.swift; sourceTree = "<group>"; };
		FB0AED55BDEEC2F0F1FBDBC9 /* GiftScheduleTests.swift */ = {isa = PBXFileReference; lastKnownFileType = sourcecode.swift; path = GiftScheduleTests.swift; sourceTree = "<group>"; };
		FD91667DFE3E8160A212B1DA /* CloudIDMapper.swift */ = {isa = PBXFileReference; lastKnownFileType = sourcecode.swift; path = CloudIDMapper.swift; sourceTree = "<group>"; };
		FFFAD57FEE541A2BCBE917E6 /* PhotoLabeler.swift */ = {isa = PBXFileReference; lastKnownFileType = sourcecode.swift; path = PhotoLabeler.swift; sourceTree = "<group>"; };
/* End PBXFileReference section */

/* Begin PBXFrameworksBuildPhase section */
		3D9318A878A1446084095FD8 /* Frameworks */ = {
			isa = PBXFrameworksBuildPhase;
			buildActionMask = 2147483647;
			files = (
				2CA6C72D06C591D64413160C /* WidgetKit.framework in Frameworks */,
				D3F9C0F6433997EF580B87CC /* SwiftUI.framework in Frameworks */,
			);
			runOnlyForDeploymentPostprocessing = 0;
		};
		5F8C990B28F97912792D1F2C /* Frameworks */ = {
			isa = PBXFrameworksBuildPhase;
			buildActionMask = 2147483647;
			files = (
				F0DD38512B10A0EC9EF97BD6 /* AVKit.framework in Frameworks */,
			);
			runOnlyForDeploymentPostprocessing = 0;
		};
/* End PBXFrameworksBuildPhase section */

/* Begin PBXGroup section */
		00FA480228CC32E78FCD20A9 /* Capture */ = {
			isa = PBXGroup;
			children = (
				DE23645FDB97CD310372A0F9 /* CaptureEngine.swift */,
				EDEFD2DEB60289395B339A44 /* CaptureScreen.swift */,
				6F7537CCE985C86CC09C1787 /* Haptics.swift */,
				F773E16FB7FC68D0B2B69F77 /* ShotViewer.swift */,
			);
			path = Capture;
			sourceTree = "<group>";
		};
		1D525796B906EE56730E76C2 /* Capture */ = {
			isa = PBXGroup;
			children = (
				0ACF53F5E6B06B0DF394CC92 /* CaptureInbox.swift */,
			);
			path = Capture;
			sourceTree = "<group>";
		};
		57A9638C65291DC60DDCCA01 /* Products */ = {
			isa = PBXGroup;
			children = (
				5AADBCB38DB09CEFBA41590A /* ColorMoments.app */,
				7EB1163362CD567B08943EB6 /* ColorMomentsCapture.appex */,
				820CBC257650B8198BCC2B5E /* ColorMomentsControl.appex */,
				68CF7D8E8818E871DBABBDBF /* ColorMomentsTests.xctest */,
			);
			name = Products;
			sourceTree = "<group>";
		};
		5E223077B6CCF9E25BE48292 /* Day */ = {
			isa = PBXGroup;
			children = (
				927C9BDEEEB97486BF4A4904 /* BadgeCeremony.swift */,
				393BC4FBFF0618B72B4FC4A6 /* DayBadge.swift */,
				349DC3F413BF9EC93E6C0C60 /* DayClosures.swift */,
				CCE87849E68DBA4048D0AB81 /* DayGift.swift */,
				EDA4609189EEBA41333EE662 /* DayGradient.swift */,
				3E880EA384921F9A97C79A87 /* DayMomentsView.swift */,
				E625BC46AAADBEE1D5E1FD7B /* DayPhotoView.swift */,
				DAEDFD6FE3EFBBB38A7951F3 /* DayStore.swift */,
				926BDBAFE04F7B17464F627E /* DayTimeline.swift */,
				2CECA91205032542A8E6CBAD /* GiftSchedule.swift */,
				79FEE28AD42D812B8F599EBC /* Moment.swift */,
				D63D774C55EFBE110A6BFE3D /* MomentMerge.swift */,
				343D1F9744F120B40EEDE985 /* PebbleName.swift */,
				3D1B75104310693B48F8D9DE /* ShotImage.swift */,
			);
			path = Day;
			sourceTree = "<group>";
		};
		5F3DEE8CFB26E3C9EEF53000 /* ColorMomentsTests */ = {
			isa = PBXGroup;
			children = (
				08DC1AC8E491F5D81CA2D80E /* AssetReconcilerTests.swift */,
				B3676D77CA8F72C6175CC066 /* ColorExtractorTests.swift */,
				05C70E667A14B10F8000505A /* DayClosuresTests.swift */,
				001315A7B5573B9974966AF7 /* DayGradientTests.swift */,
				9D560E148CF707BADEB351E9 /* DayStoreTests.swift */,
				F6F0FA76C7F73C30E1F30962 /* DayTimelineTests.swift */,
				7B8C50DD4A283C052C97F361 /* EveningReminderTests.swift */,
				219FB2ED514DBE95A9AFAB53 /* Fixtures */,
				08FA4218B93874BE76730863 /* FontSubsetTests.swift */,
				FB0AED55BDEEC2F0F1FBDBC9 /* GiftScheduleTests.swift */,
				160019A37882F81114DE5A27 /* HomeNavigationTests.swift */,
				0D1CD8F86BB78B6B6EB90C04 /* LibrarySectionsTests.swift */,
				6CB97C7E8769569A500FCFF1 /* MomentMergeTests.swift */,
				B180428138319F72B026C570 /* PebbleNameTests.swift */,
				BE9BFF0980144C315646D9E5 /* PebbleRenderTests.swift */,
				E79F2C0C75680FBE51A5A26C /* PebbleSilhouetteTests.swift */,
				BDB546AAD2C0C80DB7EF1B50 /* PhotoContextTests.swift */,
				BB99387BD580BB034A37204A /* PhotoLabelerTests.swift */,
				69825FD346FEC03526525AE5 /* SheenTests.swift */,
				75C5D16CF875C68C5FD50755 /* ShotImageTests.swift */,
				453BDAA4450B4629859FEE14 /* SyncRecordsTests.swift */,
				C8272505EF16B075931B8224 /* WordListTests.swift */,
				2A23E848C6F8A4BEA7AECAD4 /* WordPickerTests.swift */,
			);
			path = ColorMomentsTests;
			sourceTree = "<group>";
		};
		6B1123F879906576EAE48406 = {
			isa = PBXGroup;
			children = (
				E818217F7A94D7E924F2B2C8 /* ColorMoments */,
				9B3551BB49B29ECE7378251F /* ColorMomentsCapture */,
				D39F9F96770733D285D2467F /* ColorMomentsControl */,
				5F3DEE8CFB26E3C9EEF53000 /* ColorMomentsTests */,
				81F56E8EE6123F5ADAE40B58 /* Shared */,
				D0844BACDE0CCD29DEBE8DAC /* Frameworks */,
				57A9638C65291DC60DDCCA01 /* Products */,
			);
			sourceTree = "<group>";
		};
		81F56E8EE6123F5ADAE40B58 /* Shared */ = {
			isa = PBXGroup;
			children = (
				2C2EBC8CB25323467C3E477B /* ColorCaptureIntent.swift */,
				D3A86BC5B2740C9E64E3D472 /* ColorExtractor.swift */,
				0455554135392A7015D4068F /* ShotStore.swift */,
				00FA480228CC32E78FCD20A9 /* Capture */,
				5E223077B6CCF9E25BE48292 /* Day */,
				A367C7D09D3B5E69C8A79847 /* Design */,
				A972C6F6DA559754581DB41D /* Library */,
				B963F0207094B2B8A4496D89 /* Word */,
			);
			path = Shared;
			sourceTree = "<group>";
		};
		9B3551BB49B29ECE7378251F /* ColorMomentsCapture */ = {
			isa = PBXGroup;
			children = (
				C9CE619222B12DDC48E8D41D /* CaptureExtension.swift */,
				09731441F10EF7907FAC934A /* Info.plist */,
				78C8D64FF056CFF1EAA9F88F /* ViewFinder.swift */,
			);
			path = ColorMomentsCapture;
			sourceTree = "<group>";
		};
		9C03CCFAB58103589012E7FB /* Sync */ = {
			isa = PBXGroup;
			children = (
				FD91667DFE3E8160A212B1DA /* CloudIDMapper.swift */,
				22EDA0910CC8E79B482D32B2 /* CloudSync.swift */,
				20A09F696F5607382E065E46 /* SyncRecords.swift */,
			);
			path = Sync;
			sourceTree = "<group>";
		};
		A367C7D09D3B5E69C8A79847 /* Design */ = {
			isa = PBXGroup;
			children = (
				3C0A05D62DDA8061828B7EB9 /* CompactDayRow.swift */,
				F1ED0B6B00F288E843C5C783 /* DayBlock.swift */,
				1782AA90AE018A879A1B0885 /* HomeNavigation.swift */,
				70AD555AD811A9F3BF2ADD98 /* HorizontalPan.swift */,
				BDCE9183C112FFB37E007824 /* PebbleView.swift */,
				F941673D190732D3ADB0055C /* ShotThumbnail.swift */,
				5B689D73DBFBD16C7B857686 /* Tokens.swift */,
				AC7AA6BC5EE27D8ADDE47C88 /* Fonts */,
			);
			path = Design;
			sourceTree = "<group>";
		};
		A972C6F6DA559754581DB41D /* Library */ = {
			isa = PBXGroup;
			children = (
				19897FA92EBD86A58ABB4B61 /* LibrarySections.swift */,
			);
			path = Library;
			sourceTree = "<group>";
		};
		AC7AA6BC5EE27D8ADDE47C88 /* Fonts */ = {
			isa = PBXGroup;
			children = (
				F12A3264BC11396ACCF8B1CD /* NanumMyeongjo-OFL.txt */,
				431568FD8D1B61F5509D6867 /* NanumMyeongjo-Subset.ttf */,
				36163F479DA433C2CB8744EE /* README.md */,
				311898EF3262DE92643FB442 /* subset-chars.txt */,
			);
			path = Fonts;
			sourceTree = "<group>";
		};
		B963F0207094B2B8A4496D89 /* Word */ = {
			isa = PBXGroup;
			children = (
				E3096473F3D4F94BAB749AC5 /* PhotoContext.swift */,
				FFFAD57FEE541A2BCBE917E6 /* PhotoLabeler.swift */,
				ACD34409978D5C9CDE7304E7 /* WordList.swift */,
				8E4EE32C11490405892AA591 /* WordPicker.swift */,
				A0A48C2B255FB6B7DFA973C5 /* words.json */,
			);
			path = Word;
			sourceTree = "<group>";
		};
		BDD818AF0CC95296C53EAD23 /* Library */ = {
			isa = PBXGroup;
			children = (
				14DF86BF8B735F363B7A3449 /* AssetReconciler.swift */,
				F38C217645C6BE7612CAB2C8 /* LibraryImporter.swift */,
				9DA8FD60C992A92A01AA5BFF /* LibraryPickerView.swift */,
				604BD37E9AF9CB6CA3A8BC06 /* PhotoAssets.swift */,
			);
			path = Library;
			sourceTree = "<group>";
		};
		C3CD0D033658A44051998F10 /* App */ = {
			isa = PBXGroup;
			children = (
				D9C7A51085814AAD190D567A /* AppDelegate.swift */,
				41AA3BF8CB64DB2AABCEECE3 /* ColorMomentsApp.swift */,
				01418AFDF0E8ABE2DB4157F6 /* EveningReminder.swift */,
				2407ADFA49967AECDDB4BDC8 /* FirstRunOverlay.swift */,
				F0539FB03BB33151F171D2BD /* HomeShell.swift */,
				953A1415A221B2ED1198C5E8 /* HomeView.swift */,
				915F51F76D8105385A924494 /* SpikeView.swift */,
			);
			path = App;
			sourceTree = "<group>";
		};
		D0844BACDE0CCD29DEBE8DAC /* Frameworks */ = {
			isa = PBXGroup;
			children = (
				E016D510A0FA71B454E57DF6 /* AVKit.framework */,
				8747F82BBC5889D32A11161B /* SwiftUI.framework */,
				3C0C341B4E32F784A77CC08D /* WidgetKit.framework */,
			);
			name = Frameworks;
			sourceTree = "<group>";
		};
		D39F9F96770733D285D2467F /* ColorMomentsControl */ = {
			isa = PBXGroup;
			children = (
				71305FB203F40AC7A2172D6E /* ColorCaptureControl.swift */,
				D7284FE09B31C6D29E4790FB /* Info.plist */,
			);
			path = ColorMomentsControl;
			sourceTree = "<group>";
		};
		E818217F7A94D7E924F2B2C8 /* ColorMoments */ = {
			isa = PBXGroup;
			children = (
				770DB2BE29FFF678EF2949F8 /* Assets.xcassets */,
				F337F7BF47BF333FFBDFAA35 /* ColorMoments.entitlements */,
				CCB28EF5745DCE3F3B008662 /* Info.plist */,
				C3CD0D033658A44051998F10 /* App */,
				1D525796B906EE56730E76C2 /* Capture */,
				BDD818AF0CC95296C53EAD23 /* Library */,
				9C03CCFAB58103589012E7FB /* Sync */,
			);
			path = ColorMoments;
			sourceTree = "<group>";
		};
/* End PBXGroup section */

/* Begin PBXNativeTarget section */
		32F039BD5D375D5DF5972A97 /* ColorMoments */ = {
			isa = PBXNativeTarget;
			buildConfigurationList = 13363FBCAFFBDC5B424FD9A9 /* Build configuration list for PBXNativeTarget "ColorMoments" */;
			buildPhases = (
				4C72E737D433DD2FD97E3D7C /* Sources */,
				607D72C00E0129E016026BB3 /* Resources */,
				5F8C990B28F97912792D1F2C /* Frameworks */,
				845F48AB1463C47B285FFF96 /* Embed Foundation Extensions */,
				F2555A21AD1C01A55F0B2A30 /* Embed ExtensionKit Extensions */,
			);
			buildRules = (
			);
			dependencies = (
				1F5D1BF66EA7909ED292B8BC /* PBXTargetDependency */,
				7EC9524C4D192BB12B3D27E7 /* PBXTargetDependency */,
			);
			name = ColorMoments;
			packageProductDependencies = (
			);
			productName = ColorMoments;
			productReference = 5AADBCB38DB09CEFBA41590A /* ColorMoments.app */;
			productType = "com.apple.product-type.application";
		};
		4AB73052EB9FD5211224F8C5 /* ColorMomentsControl */ = {
			isa = PBXNativeTarget;
			buildConfigurationList = D24A48F97445FB6E7AA43B1F /* Build configuration list for PBXNativeTarget "ColorMomentsControl" */;
			buildPhases = (
				0FEA67DA52BC703EECD22477 /* Sources */,
				2221272ECF74FD377B396197 /* Resources */,
				3D9318A878A1446084095FD8 /* Frameworks */,
			);
			buildRules = (
			);
			dependencies = (
			);
			name = ColorMomentsControl;
			packageProductDependencies = (
			);
			productName = ColorMomentsControl;
			productReference = 820CBC257650B8198BCC2B5E /* ColorMomentsControl.appex */;
			productType = "com.apple.product-type.app-extension";
		};
		7CB1B0110049136A2B9BB3E4 /* ColorMomentsCapture */ = {
			isa = PBXNativeTarget;
			buildConfigurationList = 75F01A30052B34C716DCBDCD /* Build configuration list for PBXNativeTarget "ColorMomentsCapture" */;
			buildPhases = (
				679413AC996D005956774EB6 /* Sources */,
				B3A8C96C639CBE8E7BC81D5F /* Resources */,
			);
			buildRules = (
			);
			dependencies = (
			);
			name = ColorMomentsCapture;
			packageProductDependencies = (
			);
			productName = ColorMomentsCapture;
			productReference = 7EB1163362CD567B08943EB6 /* ColorMomentsCapture.appex */;
			productType = "com.apple.product-type.extensionkit-extension";
		};
		85FA7EDCBABF00BAB1311273 /* ColorMomentsTests */ = {
			isa = PBXNativeTarget;
			buildConfigurationList = FB9996876652E3191F517135 /* Build configuration list for PBXNativeTarget "ColorMomentsTests" */;
			buildPhases = (
				3D87F7570E705BC6F60E66FA /* Sources */,
				7F7B7863EB73D62E41824F5B /* Resources */,
			);
			buildRules = (
			);
			dependencies = (
				A3274431997C015DA0EB6271 /* PBXTargetDependency */,
			);
			name = ColorMomentsTests;
			packageProductDependencies = (
			);
			productName = ColorMomentsTests;
			productReference = 68CF7D8E8818E871DBABBDBF /* ColorMomentsTests.xctest */;
			productType = "com.apple.product-type.bundle.unit-test";
		};
/* End PBXNativeTarget section */

/* Begin PBXProject section */
		E0F153A180DAA09D96CBD96F /* Project object */ = {
			isa = PBXProject;
			attributes = {
				BuildIndependentTargetsInParallel = YES;
				LastUpgradeCheck = 1430;
				TargetAttributes = {
					32F039BD5D375D5DF5972A97 = {
						DevelopmentTeam = ZMXTCSPNUZ;
						ProvisioningStyle = Automatic;
					};
					4AB73052EB9FD5211224F8C5 = {
						DevelopmentTeam = ZMXTCSPNUZ;
						ProvisioningStyle = Automatic;
					};
					7CB1B0110049136A2B9BB3E4 = {
						DevelopmentTeam = ZMXTCSPNUZ;
						ProvisioningStyle = Automatic;
					};
					85FA7EDCBABF00BAB1311273 = {
						DevelopmentTeam = ZMXTCSPNUZ;
						ProvisioningStyle = Automatic;
					};
				};
			};
			buildConfigurationList = E61D40B778F2D5CFBFF5A6DB /* Build configuration list for PBXProject "ColorMoments" */;
			developmentRegion = en;
			hasScannedForEncodings = 0;
			knownRegions = (
				Base,
				en,
			);
			mainGroup = 6B1123F879906576EAE48406;
			minimizedProjectReferenceProxies = 1;
			preferredProjectObjectVersion = 77;
			productRefGroup = 57A9638C65291DC60DDCCA01 /* Products */;
			projectDirPath = "";
			projectRoot = "";
			targets = (
				32F039BD5D375D5DF5972A97 /* ColorMoments */,
				7CB1B0110049136A2B9BB3E4 /* ColorMomentsCapture */,
				4AB73052EB9FD5211224F8C5 /* ColorMomentsControl */,
				85FA7EDCBABF00BAB1311273 /* ColorMomentsTests */,
			);
		};
/* End PBXProject section */

/* Begin PBXResourcesBuildPhase section */
		2221272ECF74FD377B396197 /* Resources */ = {
			isa = PBXResourcesBuildPhase;
			buildActionMask = 2147483647;
			files = (
				E77F60F349090C621E218AEE /* NanumMyeongjo-OFL.txt in Resources */,
				A041753AF25EE0A48189568C /* NanumMyeongjo-Subset.ttf in Resources */,
				949E6A04EB1AAF5A89ABF42D /* README.md in Resources */,
				CF0F9BAAA1D2412A2B0E61E3 /* subset-chars.txt in Resources */,
				48DC2D9847C7C2A96BE21B7C /* words.json in Resources */,
			);
			runOnlyForDeploymentPostprocessing = 0;
		};
		607D72C00E0129E016026BB3 /* Resources */ = {
			isa = PBXResourcesBuildPhase;
			buildActionMask = 2147483647;
			files = (
				7A5576FFA328861B7F1FE6AE /* Assets.xcassets in Resources */,
				C6135A6F1A86908A2F109AE0 /* NanumMyeongjo-OFL.txt in Resources */,
				304C4D029F8CB37B61C85F48 /* NanumMyeongjo-Subset.ttf in Resources */,
				F2C689ACD107EA2CD0F669E4 /* README.md in Resources */,
				689F997E07A401BE5FFA343A /* subset-chars.txt in Resources */,
				E7F3453CCDED443C24380E0B /* words.json in Resources */,
			);
			runOnlyForDeploymentPostprocessing = 0;
		};
		7F7B7863EB73D62E41824F5B /* Resources */ = {
			isa = PBXResourcesBuildPhase;
			buildActionMask = 2147483647;
			files = (
				01DFAD7F8ABF0639DF369C4E /* Fixtures in Resources */,
			);
			runOnlyForDeploymentPostprocessing = 0;
		};
		B3A8C96C639CBE8E7BC81D5F /* Resources */ = {
			isa = PBXResourcesBuildPhase;
			buildActionMask = 2147483647;
			files = (
				270CAD891873FBDB57862C11 /* NanumMyeongjo-OFL.txt in Resources */,
				A8B410E526DB99857E8666B2 /* NanumMyeongjo-Subset.ttf in Resources */,
				02B89DF8BE3E0E3688F10090 /* README.md in Resources */,
				021C81F3EA6698F332E9DD69 /* subset-chars.txt in Resources */,
				90B7A542F814159743E818D2 /* words.json in Resources */,
			);
			runOnlyForDeploymentPostprocessing = 0;
		};
/* End PBXResourcesBuildPhase section */

/* Begin PBXSourcesBuildPhase section */
		0FEA67DA52BC703EECD22477 /* Sources */ = {
			isa = PBXSourcesBuildPhase;
			buildActionMask = 2147483647;
			files = (
				6A0F51CB079F9D7531B64347 /* BadgeCeremony.swift in Sources */,
				DAFB88696C843D27DC99AA51 /* CaptureEngine.swift in Sources */,
				76AADA98FD5F2F767CDE36DA /* CaptureScreen.swift in Sources */,
				2C727EDB8CA45364E0477CA6 /* ColorCaptureControl.swift in Sources */,
				851F47DC9109F3E17C510A45 /* ColorCaptureIntent.swift in Sources */,
				341D43357966166F08E749AD /* ColorExtractor.swift in Sources */,
				F4F24DB7F05FD86971A0E962 /* CompactDayRow.swift in Sources */,
				18E772394B2F6112538961DB /* DayBadge.swift in Sources */,
				559AA75241F4C7C05F596871 /* DayBlock.swift in Sources */,
				28F26F75652070839EAEC48C /* DayClosures.swift in Sources */,
				598A255826789B22B6C05C2D /* DayGift.swift in Sources */,
				1D2767C95B157B92C97CF81B /* DayGradient.swift in Sources */,
				A402E4FF34F4790F0EC2F752 /* DayMomentsView.swift in Sources */,
				7530F92A893A52BB75953371 /* DayPhotoView.swift in Sources */,
				8015ACB59A07B863B0AD5348 /* DayStore.swift in Sources */,
				C6B84EDC7E5B3C86DD325A3C /* DayTimeline.swift in Sources */,
				6060F1DE8838469C19F3C6BE /* GiftSchedule.swift in Sources */,
				CFA9FFD411FCDDDFF49BA042 /* Haptics.swift in Sources */,
				D0232AF91965F3F9595ABB68 /* HomeNavigation.swift in Sources */,
				B75D6C90A80171E5FF633B14 /* HorizontalPan.swift in Sources */,
				F674BFD62113E54D6C123D7B /* LibrarySections.swift in Sources */,
				1CC5449DA7CB344D2AC45E80 /* Moment.swift in Sources */,
				1EA8EE22FEEAA7E8B7FA0118 /* MomentMerge.swift in Sources */,
				F6DD087B65194FE79A968CDE /* PebbleName.swift in Sources */,
				2992E2534861C57FB2499B90 /* PebbleView.swift in Sources */,
				3CDC3B977191BC7C08488E35 /* PhotoContext.swift in Sources */,
				606CEC7B3987E18F4BE01709 /* PhotoLabeler.swift in Sources */,
				CF11D8850579771F69487B97 /* ShotImage.swift in Sources */,
				A340EE2C4B3C4B575BB7B632 /* ShotStore.swift in Sources */,
				CF1B9077022792BE565162B8 /* ShotThumbnail.swift in Sources */,
				CDD6D930AE9E6FC142AB4E09 /* ShotViewer.swift in Sources */,
				A40D134691DFE93E46471A40 /* Tokens.swift in Sources */,
				BC08FAC35928BE504FD2119B /* WordList.swift in Sources */,
				643D744E18A16AC3DF5BB2D0 /* WordPicker.swift in Sources */,
			);
			runOnlyForDeploymentPostprocessing = 0;
		};
		3D87F7570E705BC6F60E66FA /* Sources */ = {
			isa = PBXSourcesBuildPhase;
			buildActionMask = 2147483647;
			files = (
				1C168A0124D91CA852713BBF /* AssetReconcilerTests.swift in Sources */,
				A6B7C20174D02F20249A5B7F /* ColorExtractorTests.swift in Sources */,
				C6042960F0442084AB0338E3 /* DayClosuresTests.swift in Sources */,
				3D173B20AB9EE2CE573828CB /* DayGradientTests.swift in Sources */,
				1996A6A10339037B3A5CCC8F /* DayStoreTests.swift in Sources */,
				97BEEB530BE9186A6F1A872A /* DayTimelineTests.swift in Sources */,
				03E527E744AAA9A19AD5695A /* EveningReminderTests.swift in Sources */,
				2D2DCAAA1704F58B8D38A822 /* FontSubsetTests.swift in Sources */,
				5C46EE00CA3DADB1F2965E39 /* GiftScheduleTests.swift in Sources */,
				17862587A29EF312EF46CBD3 /* HomeNavigationTests.swift in Sources */,
				E0A11DC00DADAE32564950AC /* LibrarySectionsTests.swift in Sources */,
				A34E2A2A8AF2BCCDCCE21452 /* MomentMergeTests.swift in Sources */,
				12C3CD61E7A606425EFD41CA /* PebbleNameTests.swift in Sources */,
				307336BE9B12FD503EBF66EC /* PebbleRenderTests.swift in Sources */,
				294A77897542943DC92B2BE2 /* PebbleSilhouetteTests.swift in Sources */,
				C0BD8C781712AF5378F41F12 /* PhotoContextTests.swift in Sources */,
				94A5AAD5168196D819A1E2B1 /* PhotoLabelerTests.swift in Sources */,
				72CB8811A9F1756D47042377 /* SheenTests.swift in Sources */,
				27C5EAD62A7776F63166FB51 /* ShotImageTests.swift in Sources */,
				7D72341D340848C9972CBF03 /* SyncRecordsTests.swift in Sources */,
				8F8B15F8CCD32B424B99892B /* WordListTests.swift in Sources */,
				7010D21E2960DAB1D241EA53 /* WordPickerTests.swift in Sources */,
			);
			runOnlyForDeploymentPostprocessing = 0;
		};
		4C72E737D433DD2FD97E3D7C /* Sources */ = {
			isa = PBXSourcesBuildPhase;
			buildActionMask = 2147483647;
			files = (
				46F2AF21817056E13AD7F919 /* AppDelegate.swift in Sources */,
				60CFD40171F7C16075470127 /* AssetReconciler.swift in Sources */,
				9350B45953F4B84683162C30 /* BadgeCeremony.swift in Sources */,
				C5345168432CE41677778207 /* CaptureEngine.swift in Sources */,
				39421DA397F79B0CEBD66E06 /* CaptureInbox.swift in Sources */,
				59F0C1E84E0A9E36B6A7FF64 /* CaptureScreen.swift in Sources */,
				DE9A46A0F358B2CDCB9B89F9 /* CloudIDMapper.swift in Sources */,
				0834B0372CB67CC3C1C487E0 /* CloudSync.swift in Sources */,
				089A04051E2709FEC115E965 /* ColorCaptureIntent.swift in Sources */,
				85404B43045C16239CA26FB5 /* ColorExtractor.swift in Sources */,
				FC86F8437A8019E414B3F717 /* ColorMomentsApp.swift in Sources */,
				ED42EFBB9D0310947F139082 /* CompactDayRow.swift in Sources */,
				C6F53A70ADED30A0C697C6C7 /* DayBadge.swift in Sources */,
				A2BC0036C17B7BB59748D48B /* DayBlock.swift in Sources */,
				53FC9FB6BA05FAAB48AF84DC /* DayClosures.swift in Sources */,
				E9FF039B8236CAA8424CC6D6 /* DayGift.swift in Sources */,
				036A5A204DA00E6E1F8E4DB3 /* DayGradient.swift in Sources */,
				14B086E929DB0210F2450CFF /* DayMomentsView.swift in Sources */,
				7B6207CFDF0718F8241F4FB7 /* DayPhotoView.swift in Sources */,
				A8FD510AB6600E0ABEC48A32 /* DayStore.swift in Sources */,
				7DF8236D94540E4E4AC11388 /* DayTimeline.swift in Sources */,
				D190D8056C09A2C8FEBB3777 /* EveningReminder.swift in Sources */,
				32A6E9632D4BBA9208258DE4 /* FirstRunOverlay.swift in Sources */,
				46AD1F7A020AA01BF62EEBEC /* GiftSchedule.swift in Sources */,
				37BEA1D1B07AEF6FF452A7E3 /* Haptics.swift in Sources */,
				8B1F7FBF239684E48BA39B1A /* HomeNavigation.swift in Sources */,
				AF90F7725A1C26E4F701BC72 /* HomeShell.swift in Sources */,
				2EB93D8ABBF2916AEEE1F2F1 /* HomeView.swift in Sources */,
				AF9767DB806D949E70335A96 /* HorizontalPan.swift in Sources */,
				172DFE11B4A2ABB242240925 /* LibraryImporter.swift in Sources */,
				D60A60136470C9341FDD0A4A /* LibraryPickerView.swift in Sources */,
				923895A999E487D30889239A /* LibrarySections.swift in Sources */,
				50D5A8ABE50CA0D82006F59A /* Moment.swift in Sources */,
				2B4617290F37676DF89566DF /* MomentMerge.swift in Sources */,
				1BA230406A06170D47C94E8E /* PebbleName.swift in Sources */,
				F1CEB3009284EB172D1766E8 /* PebbleView.swift in Sources */,
				1F708EB7D0F030E7D61A9217 /* PhotoAssets.swift in Sources */,
				EE50DA6E4E1C4D147112985F /* PhotoContext.swift in Sources */,
				98852006EFA9EF70BC5E5A9E /* PhotoLabeler.swift in Sources */,
				13113400A994950BF4DBE791 /* ShotImage.swift in Sources */,
				20BA6C3D955339FFEE5D1C78 /* ShotStore.swift in Sources */,
				9EB023C629B1882BE6E7995C /* ShotThumbnail.swift in Sources */,
				866DCC55F52911A6A8BAC243 /* ShotViewer.swift in Sources */,
				463BB08804C6196DA3590041 /* SpikeView.swift in Sources */,
				FCEE317A7C230C41A6485A20 /* SyncRecords.swift in Sources */,
				839143816019CFB52E8335B2 /* Tokens.swift in Sources */,
				33F453AFE9E4B766D55AC703 /* WordList.swift in Sources */,
				9A77BBAEF56777997F97B086 /* WordPicker.swift in Sources */,
			);
			runOnlyForDeploymentPostprocessing = 0;
		};
		679413AC996D005956774EB6 /* Sources */ = {
			isa = PBXSourcesBuildPhase;
			buildActionMask = 2147483647;
			files = (
				FD5B3C99974A94C925D4C1F0 /* BadgeCeremony.swift in Sources */,
				1DD1FF00D5EDCFB073D97FBE /* CaptureEngine.swift in Sources */,
				49AF51B739C09C90ABF6DF8B /* CaptureExtension.swift in Sources */,
				049B7CECEE196C6D70AC4FA8 /* CaptureScreen.swift in Sources */,
				5DC43B42BBA5CE7C8296BDAE /* ColorCaptureIntent.swift in Sources */,
				38CA87D9341976C98CBA90ED /* ColorExtractor.swift in Sources */,
				0EE85CE222D9DC39B58B27EE /* CompactDayRow.swift in Sources */,
				27984D8E5256CDD497E302CA /* DayBadge.swift in Sources */,
				E6B7D3BF033CC827B367D4F7 /* DayBlock.swift in Sources */,
				737D5DA0FB709046FFC34AC1 /* DayClosures.swift in Sources */,
				FA88E2179DF699A37AE7FDA4 /* DayGift.swift in Sources */,
				2106F212ED450D8F5C0130AB /* DayGradient.swift in Sources */,
				9AB9D80B4EDB7FC049E73713 /* DayMomentsView.swift in Sources */,
				C4EEE994B512FF5B448A580C /* DayPhotoView.swift in Sources */,
				5D9A1CD34D9C0E0CEBDF2AF6 /* DayStore.swift in Sources */,
				DBB09AAD1137F1515A685A4D /* DayTimeline.swift in Sources */,
				AE0857AF5EDACD9DBF05DC32 /* GiftSchedule.swift in Sources */,
				4A6EE87BD3B7C2217011154B /* Haptics.swift in Sources */,
				BE6A32DF3751591BADBDD413 /* HomeNavigation.swift in Sources */,
				C6592BFBDEAAB5F814989180 /* HorizontalPan.swift in Sources */,
				9DA9DB9E6BBA273B5C90A00F /* LibrarySections.swift in Sources */,
				60F00B961E27FD6874408F2F /* Moment.swift in Sources */,
				304E851724E25006163D4850 /* MomentMerge.swift in Sources */,
				62FD808384BFDB6BDEC7143C /* PebbleName.swift in Sources */,
				A03E0083AE26CB4CCB4A9434 /* PebbleView.swift in Sources */,
				A72BCF9D6E87301BA1102FF9 /* PhotoContext.swift in Sources */,
				A0B8A4B8063C810E326C4D8C /* PhotoLabeler.swift in Sources */,
				222B37199099F7A940817E14 /* ShotImage.swift in Sources */,
				028B83424DE6D8CE4F416399 /* ShotStore.swift in Sources */,
				6A09C475C9FE48C8875DC770 /* ShotThumbnail.swift in Sources */,
				7376A941B553C659D52DAE4A /* ShotViewer.swift in Sources */,
				936F5FD2B12A592FC1339B20 /* Tokens.swift in Sources */,
				3CE1625788607AF614E6B418 /* ViewFinder.swift in Sources */,
				B3358B78B3BA94067A3E02B1 /* WordList.swift in Sources */,
				B8632BE5E9E77D6DC909F70B /* WordPicker.swift in Sources */,
			);
			runOnlyForDeploymentPostprocessing = 0;
		};
/* End PBXSourcesBuildPhase section */

/* Begin PBXTargetDependency section */
		1F5D1BF66EA7909ED292B8BC /* PBXTargetDependency */ = {
			isa = PBXTargetDependency;
			target = 7CB1B0110049136A2B9BB3E4 /* ColorMomentsCapture */;
			targetProxy = DAD2A1D70D24DC2D7C6F5008 /* PBXContainerItemProxy */;
		};
		7EC9524C4D192BB12B3D27E7 /* PBXTargetDependency */ = {
			isa = PBXTargetDependency;
			target = 4AB73052EB9FD5211224F8C5 /* ColorMomentsControl */;
			targetProxy = 5821B42D52B0664901F14EDB /* PBXContainerItemProxy */;
		};
		A3274431997C015DA0EB6271 /* PBXTargetDependency */ = {
			isa = PBXTargetDependency;
			target = 32F039BD5D375D5DF5972A97 /* ColorMoments */;
			targetProxy = 2097C0062FF14F144B4ADDBD /* PBXContainerItemProxy */;
		};
/* End PBXTargetDependency section */

/* Begin XCBuildConfiguration section */
		10973E43CFE49417CE4CCFE5 /* Release */ = {
			isa = XCBuildConfiguration;
			buildSettings = {
				ASSETCATALOG_COMPILER_APPICON_NAME = AppIcon;
				CODE_SIGN_ENTITLEMENTS = ColorMoments/ColorMoments.entitlements;
				CODE_SIGN_IDENTITY = "iPhone Developer";
				GENERATE_INFOPLIST_FILE = YES;
				INFOPLIST_FILE = ColorMoments/Info.plist;
				INFOPLIST_KEY_CFBundleDisplayName = "몽돌";
				INFOPLIST_KEY_NSCameraUsageDescription = "순간의 색을 남기기 위해 카메라를 사용합니다.";
				INFOPLIST_KEY_NSPhotoLibraryAddUsageDescription = "촬영한 사진을 사진 앱에도 저장합니다.";
				INFOPLIST_KEY_NSPhotoLibraryUsageDescription = "고른 사진을 몽돌에 담고, 찍은 시각과 장소를 하루에 씁니다. 사진은 기기 밖으로 나가지 않습니다.";
				INFOPLIST_KEY_UIApplicationSceneManifest_Generation = YES;
				INFOPLIST_KEY_UILaunchScreen_Generation = YES;
				INFOPLIST_KEY_UISupportedInterfaceOrientations = UIInterfaceOrientationPortrait;
				LD_RUNPATH_SEARCH_PATHS = (
					"$(inherited)",
					"@executable_path/Frameworks",
				);
				PRODUCT_BUNDLE_IDENTIFIER = com.itlearning.colormoments;
				SDKROOT = iphoneos;
				TARGETED_DEVICE_FAMILY = 1;
			};
			name = Release;
		};
		2439B4536542484570ABB7F6 /* Release */ = {
			isa = XCBuildConfiguration;
			buildSettings = {
				GENERATE_INFOPLIST_FILE = YES;
				INFOPLIST_FILE = ColorMomentsControl/Info.plist;
				INFOPLIST_KEY_CFBundleDisplayName = "몽돌";
				LD_RUNPATH_SEARCH_PATHS = (
					"$(inherited)",
					"@executable_path/Frameworks",
					"@executable_path/../../Frameworks",
				);
				PRODUCT_BUNDLE_IDENTIFIER = com.itlearning.colormoments.control;
				SDKROOT = iphoneos;
				TARGETED_DEVICE_FAMILY = "1,2";
			};
			name = Release;
		};
		33731A58CBBF09209422B450 /* Debug */ = {
			isa = XCBuildConfiguration;
			buildSettings = {
				GENERATE_INFOPLIST_FILE = YES;
				INFOPLIST_FILE = ColorMomentsCapture/Info.plist;
				INFOPLIST_KEY_CFBundleDisplayName = "몽돌";
				INFOPLIST_KEY_NSCameraUsageDescription = "순간의 색을 남기기 위해 카메라를 사용합니다.";
				LD_RUNPATH_SEARCH_PATHS = (
					"$(inherited)",
					"@executable_path/Frameworks",
				);
				PRODUCT_BUNDLE_IDENTIFIER = com.itlearning.colormoments.capture;
				SDKROOT = iphoneos;
				TARGETED_DEVICE_FAMILY = 1;
			};
			name = Debug;
		};
		37A3DE36B40428DEDCCBA971 /* Release */ = {
			isa = XCBuildConfiguration;
			buildSettings = {
				BUNDLE_LOADER = "$(TEST_HOST)";
				GENERATE_INFOPLIST_FILE = YES;
				LD_RUNPATH_SEARCH_PATHS = (
					"$(inherited)",
					"@executable_path/Frameworks",
					"@loader_path/Frameworks",
				);
				PRODUCT_BUNDLE_IDENTIFIER = com.itlearning.colormoments.tests;
				SDKROOT = iphoneos;
				TARGETED_DEVICE_FAMILY = "1,2";
				TEST_HOST = "$(BUILT_PRODUCTS_DIR)/ColorMoments.app/ColorMoments";
			};
			name = Release;
		};
		47790368D5842550631114EC /* Debug */ = {
			isa = XCBuildConfiguration;
			buildSettings = {
				ALWAYS_SEARCH_USER_PATHS = NO;
				CLANG_ANALYZER_NONNULL = YES;
				CLANG_ANALYZER_NUMBER_OBJECT_CONVERSION = YES_AGGRESSIVE;
				CLANG_CXX_LANGUAGE_STANDARD = "gnu++14";
				CLANG_CXX_LIBRARY = "libc++";
				CLANG_ENABLE_MODULES = YES;
				CLANG_ENABLE_OBJC_ARC = YES;
				CLANG_ENABLE_OBJC_WEAK = YES;
				CLANG_WARN_BLOCK_CAPTURE_AUTORELEASING = YES;
				CLANG_WARN_BOOL_CONVERSION = YES;
				CLANG_WARN_COMMA = YES;
				CLANG_WARN_CONSTANT_CONVERSION = YES;
				CLANG_WARN_DEPRECATED_OBJC_IMPLEMENTATIONS = YES;
				CLANG_WARN_DIRECT_OBJC_ISA_USAGE = YES_ERROR;
				CLANG_WARN_DOCUMENTATION_COMMENTS = YES;
				CLANG_WARN_EMPTY_BODY = YES;
				CLANG_WARN_ENUM_CONVERSION = YES;
				CLANG_WARN_INFINITE_RECURSION = YES;
				CLANG_WARN_INT_CONVERSION = YES;
				CLANG_WARN_NON_LITERAL_NULL_CONVERSION = YES;
				CLANG_WARN_OBJC_IMPLICIT_RETAIN_SELF = YES;
				CLANG_WARN_OBJC_LITERAL_CONVERSION = YES;
				CLANG_WARN_OBJC_ROOT_CLASS = YES_ERROR;
				CLANG_WARN_QUOTED_INCLUDE_IN_FRAMEWORK_HEADER = YES;
				CLANG_WARN_RANGE_LOOP_ANALYSIS = YES;
				CLANG_WARN_STRICT_PROTOTYPES = YES;
				CLANG_WARN_SUSPICIOUS_MOVE = YES;
				CLANG_WARN_UNGUARDED_AVAILABILITY = YES_AGGRESSIVE;
				CLANG_WARN_UNREACHABLE_CODE = YES;
				CLANG_WARN__DUPLICATE_METHOD_MATCH = YES;
				CODE_SIGN_STYLE = Automatic;
				COPY_PHASE_STRIP = NO;
				CURRENT_PROJECT_VERSION = 1;
				DEBUG_INFORMATION_FORMAT = dwarf;
				DEVELOPMENT_TEAM = ZMXTCSPNUZ;
				ENABLE_STRICT_OBJC_MSGSEND = YES;
				ENABLE_TESTABILITY = YES;
				GCC_C_LANGUAGE_STANDARD = gnu11;
				GCC_DYNAMIC_NO_PIC = NO;
				GCC_NO_COMMON_BLOCKS = YES;
				GCC_OPTIMIZATION_LEVEL = 0;
				GCC_PREPROCESSOR_DEFINITIONS = (
					"$(inherited)",
					"DEBUG=1",
				);
				GCC_WARN_64_TO_32_BIT_CONVERSION = YES;
				GCC_WARN_ABOUT_RETURN_TYPE = YES_ERROR;
				GCC_WARN_UNDECLARED_SELECTOR = YES;
				GCC_WARN_UNINITIALIZED_AUTOS = YES_AGGRESSIVE;
				GCC_WARN_UNUSED_FUNCTION = YES;
				GCC_WARN_UNUSED_VARIABLE = YES;
				IPHONEOS_DEPLOYMENT_TARGET = 18.0;
				MARKETING_VERSION = 0.1;
				MTL_ENABLE_DEBUG_INFO = INCLUDE_SOURCE;
				MTL_FAST_MATH = YES;
				ONLY_ACTIVE_ARCH = YES;
				PRODUCT_NAME = "$(TARGET_NAME)";
				SDKROOT = iphoneos;
				SWIFT_ACTIVE_COMPILATION_CONDITIONS = DEBUG;
				SWIFT_OPTIMIZATION_LEVEL = "-Onone";
				SWIFT_STRICT_CONCURRENCY = minimal;
				SWIFT_VERSION = 5.10;
			};
			name = Debug;
		};
		4D3A9A9B1047BAA2C8918D52 /* Debug */ = {
			isa = XCBuildConfiguration;
			buildSettings = {
				GENERATE_INFOPLIST_FILE = YES;
				INFOPLIST_FILE = ColorMomentsControl/Info.plist;
				INFOPLIST_KEY_CFBundleDisplayName = "몽돌";
				LD_RUNPATH_SEARCH_PATHS = (
					"$(inherited)",
					"@executable_path/Frameworks",
					"@executable_path/../../Frameworks",
				);
				PRODUCT_BUNDLE_IDENTIFIER = com.itlearning.colormoments.control;
				SDKROOT = iphoneos;
				TARGETED_DEVICE_FAMILY = "1,2";
			};
			name = Debug;
		};
		53F6009FF345E77EAC35C1EA /* Debug */ = {
			isa = XCBuildConfiguration;
			buildSettings = {
				BUNDLE_LOADER = "$(TEST_HOST)";
				GENERATE_INFOPLIST_FILE = YES;
				LD_RUNPATH_SEARCH_PATHS = (
					"$(inherited)",
					"@executable_path/Frameworks",
					"@loader_path/Frameworks",
				);
				PRODUCT_BUNDLE_IDENTIFIER = com.itlearning.colormoments.tests;
				SDKROOT = iphoneos;
				TARGETED_DEVICE_FAMILY = "1,2";
				TEST_HOST = "$(BUILT_PRODUCTS_DIR)/ColorMoments.app/ColorMoments";
			};
			name = Debug;
		};
		92F5833B63B4CCC923995C3D /* Release */ = {
			isa = XCBuildConfiguration;
			buildSettings = {
				ALWAYS_SEARCH_USER_PATHS = NO;
				CLANG_ANALYZER_NONNULL = YES;
				CLANG_ANALYZER_NUMBER_OBJECT_CONVERSION = YES_AGGRESSIVE;
				CLANG_CXX_LANGUAGE_STANDARD = "gnu++14";
				CLANG_CXX_LIBRARY = "libc++";
				CLANG_ENABLE_MODULES = YES;
				CLANG_ENABLE_OBJC_ARC = YES;
				CLANG_ENABLE_OBJC_WEAK = YES;
				CLANG_WARN_BLOCK_CAPTURE_AUTORELEASING = YES;
				CLANG_WARN_BOOL_CONVERSION = YES;
				CLANG_WARN_COMMA = YES;
				CLANG_WARN_CONSTANT_CONVERSION = YES;
				CLANG_WARN_DEPRECATED_OBJC_IMPLEMENTATIONS = YES;
				CLANG_WARN_DIRECT_OBJC_ISA_USAGE = YES_ERROR;
				CLANG_WARN_DOCUMENTATION_COMMENTS = YES;
				CLANG_WARN_EMPTY_BODY = YES;
				CLANG_WARN_ENUM_CONVERSION = YES;
				CLANG_WARN_INFINITE_RECURSION = YES;
				CLANG_WARN_INT_CONVERSION = YES;
				CLANG_WARN_NON_LITERAL_NULL_CONVERSION = YES;
				CLANG_WARN_OBJC_IMPLICIT_RETAIN_SELF = YES;
				CLANG_WARN_OBJC_LITERAL_CONVERSION = YES;
				CLANG_WARN_OBJC_ROOT_CLASS = YES_ERROR;
				CLANG_WARN_QUOTED_INCLUDE_IN_FRAMEWORK_HEADER = YES;
				CLANG_WARN_RANGE_LOOP_ANALYSIS = YES;
				CLANG_WARN_STRICT_PROTOTYPES = YES;
				CLANG_WARN_SUSPICIOUS_MOVE = YES;
				CLANG_WARN_UNGUARDED_AVAILABILITY = YES_AGGRESSIVE;
				CLANG_WARN_UNREACHABLE_CODE = YES;
				CLANG_WARN__DUPLICATE_METHOD_MATCH = YES;
				CODE_SIGN_STYLE = Automatic;
				COPY_PHASE_STRIP = NO;
				CURRENT_PROJECT_VERSION = 1;
				DEBUG_INFORMATION_FORMAT = "dwarf-with-dsym";
				DEVELOPMENT_TEAM = ZMXTCSPNUZ;
				ENABLE_NS_ASSERTIONS = NO;
				ENABLE_STRICT_OBJC_MSGSEND = YES;
				GCC_C_LANGUAGE_STANDARD = gnu11;
				GCC_NO_COMMON_BLOCKS = YES;
				GCC_WARN_64_TO_32_BIT_CONVERSION = YES;
				GCC_WARN_ABOUT_RETURN_TYPE = YES_ERROR;
				GCC_WARN_UNDECLARED_SELECTOR = YES;
				GCC_WARN_UNINITIALIZED_AUTOS = YES_AGGRESSIVE;
				GCC_WARN_UNUSED_FUNCTION = YES;
				GCC_WARN_UNUSED_VARIABLE = YES;
				IPHONEOS_DEPLOYMENT_TARGET = 18.0;
				MARKETING_VERSION = 0.1;
				MTL_ENABLE_DEBUG_INFO = NO;
				MTL_FAST_MATH = YES;
				PRODUCT_NAME = "$(TARGET_NAME)";
				SDKROOT = iphoneos;
				SWIFT_COMPILATION_MODE = wholemodule;
				SWIFT_OPTIMIZATION_LEVEL = "-O";
				SWIFT_STRICT_CONCURRENCY = minimal;
				SWIFT_VERSION = 5.10;
			};
			name = Release;
		};
		B39D43E185A7F74B5184E4E7 /* Debug */ = {
			isa = XCBuildConfiguration;
			buildSettings = {
				ASSETCATALOG_COMPILER_APPICON_NAME = AppIcon;
				CODE_SIGN_ENTITLEMENTS = ColorMoments/ColorMoments.entitlements;
				CODE_SIGN_IDENTITY = "iPhone Developer";
				GENERATE_INFOPLIST_FILE = YES;
				INFOPLIST_FILE = ColorMoments/Info.plist;
				INFOPLIST_KEY_CFBundleDisplayName = "몽돌";
				INFOPLIST_KEY_NSCameraUsageDescription = "순간의 색을 남기기 위해 카메라를 사용합니다.";
				INFOPLIST_KEY_NSPhotoLibraryAddUsageDescription = "촬영한 사진을 사진 앱에도 저장합니다.";
				INFOPLIST_KEY_NSPhotoLibraryUsageDescription = "고른 사진을 몽돌에 담고, 찍은 시각과 장소를 하루에 씁니다. 사진은 기기 밖으로 나가지 않습니다.";
				INFOPLIST_KEY_UIApplicationSceneManifest_Generation = YES;
				INFOPLIST_KEY_UILaunchScreen_Generation = YES;
				INFOPLIST_KEY_UISupportedInterfaceOrientations = UIInterfaceOrientationPortrait;
				LD_RUNPATH_SEARCH_PATHS = (
					"$(inherited)",
					"@executable_path/Frameworks",
				);
				PRODUCT_BUNDLE_IDENTIFIER = com.itlearning.colormoments;
				SDKROOT = iphoneos;
				TARGETED_DEVICE_FAMILY = 1;
			};
			name = Debug;
		};
		DAFDD3835EA22857BD25B82B /* Release */ = {
			isa = XCBuildConfiguration;
			buildSettings = {
				GENERATE_INFOPLIST_FILE = YES;
				INFOPLIST_FILE = ColorMomentsCapture/Info.plist;
				INFOPLIST_KEY_CFBundleDisplayName = "몽돌";
				INFOPLIST_KEY_NSCameraUsageDescription = "순간의 색을 남기기 위해 카메라를 사용합니다.";
				LD_RUNPATH_SEARCH_PATHS = (
					"$(inherited)",
					"@executable_path/Frameworks",
				);
				PRODUCT_BUNDLE_IDENTIFIER = com.itlearning.colormoments.capture;
				SDKROOT = iphoneos;
				TARGETED_DEVICE_FAMILY = 1;
			};
			name = Release;
		};
/* End XCBuildConfiguration section */

/* Begin XCConfigurationList section */
		13363FBCAFFBDC5B424FD9A9 /* Build configuration list for PBXNativeTarget "ColorMoments" */ = {
			isa = XCConfigurationList;
			buildConfigurations = (
				B39D43E185A7F74B5184E4E7 /* Debug */,
				10973E43CFE49417CE4CCFE5 /* Release */,
			);
			defaultConfigurationIsVisible = 0;
			defaultConfigurationName = Debug;
		};
		75F01A30052B34C716DCBDCD /* Build configuration list for PBXNativeTarget "ColorMomentsCapture" */ = {
			isa = XCConfigurationList;
			buildConfigurations = (
				33731A58CBBF09209422B450 /* Debug */,
				DAFDD3835EA22857BD25B82B /* Release */,
			);
			defaultConfigurationIsVisible = 0;
			defaultConfigurationName = Debug;
		};
		D24A48F97445FB6E7AA43B1F /* Build configuration list for PBXNativeTarget "ColorMomentsControl" */ = {
			isa = XCConfigurationList;
			buildConfigurations = (
				4D3A9A9B1047BAA2C8918D52 /* Debug */,
				2439B4536542484570ABB7F6 /* Release */,
			);
			defaultConfigurationIsVisible = 0;
			defaultConfigurationName = Debug;
		};
		E61D40B778F2D5CFBFF5A6DB /* Build configuration list for PBXProject "ColorMoments" */ = {
			isa = XCConfigurationList;
			buildConfigurations = (
				47790368D5842550631114EC /* Debug */,
				92F5833B63B4CCC923995C3D /* Release */,
			);
			defaultConfigurationIsVisible = 0;
			defaultConfigurationName = Debug;
		};
		FB9996876652E3191F517135 /* Build configuration list for PBXNativeTarget "ColorMomentsTests" */ = {
			isa = XCConfigurationList;
			buildConfigurations = (
				53F6009FF345E77EAC35C1EA /* Debug */,
				37A3DE36B40428DEDCCBA971 /* Release */,
			);
			defaultConfigurationIsVisible = 0;
			defaultConfigurationName = Debug;
		};
/* End XCConfigurationList section */
	};
	rootObject = E0F153A180DAA09D96CBD96F /* Project object */;
}
